// !$*UTF8*$!
{
	archiveVersion = 1;
	classes = {
	};
	objectVersion = 50;
	objects = {

/* Begin PBXBuildFile section */
		267237FE23E86D7500C0457B /* AppDelegate.swift in Sources */ = {isa = PBXBuildFile; fileRef = 267237FD23E86D7500C0457B /* AppDelegate.swift */; };
		2672380023E86D7500C0457B /* SceneDelegate.swift in Sources */ = {isa = PBXBuildFile; fileRef = 267237FF23E86D7500C0457B /* SceneDelegate.swift */; };
		2672380223E86D7500C0457B /* ViewController.swift in Sources */ = {isa = PBXBuildFile; fileRef = 2672380123E86D7500C0457B /* ViewController.swift */; };
		2672380723E86D7600C0457B /* Assets.xcassets in Resources */ = {isa = PBXBuildFile; fileRef = 2672380623E86D7600C0457B /* Assets.xcassets */; };
		2672380A23E86D7600C0457B /* LaunchScreen.storyboard in Resources */ = {isa = PBXBuildFile; fileRef = 2672380823E86D7600C0457B /* LaunchScreen.storyboard */; };
		2672381A23E8707800C0457B /* City.swift in Sources */ = {isa = PBXBuildFile; fileRef = 2672381223E8707800C0457B /* City.swift */; };
		2672381B23E8707800C0457B /* WeatherMain.swift in Sources */ = {isa = PBXBuildFile; fileRef = 2672381323E8707800C0457B /* WeatherMain.swift */; };
		2672381C23E8707800C0457B /* Sys.swift in Sources */ = {isa = PBXBuildFile; fileRef = 2672381423E8707800C0457B /* Sys.swift */; };
		2672381D23E8707800C0457B /* Weather.swift in Sources */ = {isa = PBXBuildFile; fileRef = 2672381523E8707800C0457B /* Weather.swift */; };
		2672381E23E8707800C0457B /* Clouds.swift in Sources */ = {isa = PBXBuildFile; fileRef = 2672381623E8707800C0457B /* Clouds.swift */; };
		2672381F23E8707800C0457B /* Coordinates.swift in Sources */ = {isa = PBXBuildFile; fileRef = 2672381723E8707800C0457B /* Coordinates.swift */; };
		2672382023E8707800C0457B /* Wind.swift in Sources */ = {isa = PBXBuildFile; fileRef = 2672381823E8707800C0457B /* Wind.swift */; };
		2672382123E8707800C0457B /* WeatherInfo.swift in Sources */ = {isa = PBXBuildFile; fileRef = 2672381923E8707800C0457B /* WeatherInfo.swift */; };
		26F94BAC23E9663E0053281B /* NetworkService.swift in Sources */ = {isa = PBXBuildFile; fileRef = 26F94BAB23E9663E0053281B /* NetworkService.swift */; };
		26F94BB023E96F630053281B /* HTTPMethod.swift in Sources */ = {isa = PBXBuildFile; fileRef = 26F94BAF23E96F630053281B /* HTTPMethod.swift */; };
		26F94BB323E9708B0053281B /* HTTPTask.swift in Sources */ = {isa = PBXBuildFile; fileRef = 26F94BB223E9708B0053281B /* HTTPTask.swift */; };
		26F94BB623E973570053281B /* ParameterEncoder.swift in Sources */ = {isa = PBXBuildFile; fileRef = 26F94BB523E973570053281B /* ParameterEncoder.swift */; };
		26F94BB823E974650053281B /* EndPointType.swift in Sources */ = {isa = PBXBuildFile; fileRef = 26F94BB723E974650053281B /* EndPointType.swift */; };
		26F94BBA23E974E60053281B /* URLParameterEncoder.swift in Sources */ = {isa = PBXBuildFile; fileRef = 26F94BB923E974E60053281B /* URLParameterEncoder.swift */; };
		26F94BBC23E9755B0053281B /* NetworkError.swift in Sources */ = {isa = PBXBuildFile; fileRef = 26F94BBB23E9755B0053281B /* NetworkError.swift */; };
		26F94BBF23E97B0C0053281B /* Constants.swift in Sources */ = {isa = PBXBuildFile; fileRef = 26F94BBE23E97B0C0053281B /* Constants.swift */; };
		26F94BC523E989190053281B /* JSONParameterEncoder.swift in Sources */ = {isa = PBXBuildFile; fileRef = 26F94BC423E989190053281B /* JSONParameterEncoder.swift */; };
		26F94BC823E995600053281B /* WeatherEndpoint.swift in Sources */ = {isa = PBXBuildFile; fileRef = 26F94BC723E995600053281B /* WeatherEndpoint.swift */; };
/* End PBXBuildFile section */

/* Begin PBXFileReference section */
		267237FA23E86D7500C0457B /* WeatherApp.app */ = {isa = PBXFileReference; explicitFileType = wrapper.application; includeInIndex = 0; path = WeatherApp.app; sourceTree = BUILT_PRODUCTS_DIR; };
		267237FD23E86D7500C0457B /* AppDelegate.swift */ = {isa = PBXFileReference; lastKnownFileType = sourcecode.swift; path = AppDelegate.swift; sourceTree = "<group>"; };
		267237FF23E86D7500C0457B /* SceneDelegate.swift */ = {isa = PBXFileReference; lastKnownFileType = sourcecode.swift; path = SceneDelegate.swift; sourceTree = "<group>"; };
		2672380123E86D7500C0457B /* ViewController.swift */ = {isa = PBXFileReference; lastKnownFileType = sourcecode.swift; path = ViewController.swift; sourceTree = "<group>"; };
		2672380623E86D7600C0457B /* Assets.xcassets */ = {isa = PBXFileReference; lastKnownFileType = folder.assetcatalog; path = Assets.xcassets; sourceTree = "<group>"; };
		2672380923E86D7600C0457B /* Base */ = {isa = PBXFileReference; lastKnownFileType = file.storyboard; name = Base; path = Base.lproj/LaunchScreen.storyboard; sourceTree = "<group>"; };
		2672380B23E86D7600C0457B /* Info.plist */ = {isa = PBXFileReference; lastKnownFileType = text.plist.xml; path = Info.plist; sourceTree = "<group>"; };
		2672381223E8707800C0457B /* City.swift */ = {isa = PBXFileReference; fileEncoding = 4; lastKnownFileType = sourcecode.swift; path = City.swift; sourceTree = "<group>"; };
		2672381323E8707800C0457B /* WeatherMain.swift */ = {isa = PBXFileReference; fileEncoding = 4; lastKnownFileType = sourcecode.swift; path = WeatherMain.swift; sourceTree = "<group>"; };
		2672381423E8707800C0457B /* Sys.swift */ = {isa = PBXFileReference; fileEncoding = 4; lastKnownFileType = sourcecode.swift; path = Sys.swift; sourceTree = "<group>"; };
		2672381523E8707800C0457B /* Weather.swift */ = {isa = PBXFileReference; fileEncoding = 4; lastKnownFileType = sourcecode.swift; path = Weather.swift; sourceTree = "<group>"; };
		2672381623E8707800C0457B /* Clouds.swift */ = {isa = PBXFileReference; fileEncoding = 4; lastKnownFileType = sourcecode.swift; path = Clouds.swift; sourceTree = "<group>"; };
		2672381723E8707800C0457B /* Coordinates.swift */ = {isa = PBXFileReference; fileEncoding = 4; lastKnownFileType = sourcecode.swift; path = Coordinates.swift; sourceTree = "<group>"; };
		2672381823E8707800C0457B /* Wind.swift */ = {isa = PBXFileReference; fileEncoding = 4; lastKnownFileType = sourcecode.swift; path = Wind.swift; sourceTree = "<group>"; };
		2672381923E8707800C0457B /* WeatherInfo.swift */ = {isa = PBXFileReference; fileEncoding = 4; lastKnownFileType = sourcecode.swift; path = WeatherInfo.swift; sourceTree = "<group>"; };
		26F94BAB23E9663E0053281B /* NetworkService.swift */ = {isa = PBXFileReference; lastKnownFileType = sourcecode.swift; path = NetworkService.swift; sourceTree = "<group>"; };
		26F94BAF23E96F630053281B /* HTTPMethod.swift */ = {isa = PBXFileReference; lastKnownFileType = sourcecode.swift; path = HTTPMethod.swift; sourceTree = "<group>"; };
		26F94BB223E9708B0053281B /* HTTPTask.swift */ = {isa = PBXFileReference; lastKnownFileType = sourcecode.swift; path = HTTPTask.swift; sourceTree = "<group>"; };
		26F94BB523E973570053281B /* ParameterEncoder.swift */ = {isa = PBXFileReference; lastKnownFileType = sourcecode.swift; path = ParameterEncoder.swift; sourceTree = "<group>"; };
		26F94BB723E974650053281B /* EndPointType.swift */ = {isa = PBXFileReference; lastKnownFileType = sourcecode.swift; path = EndPointType.swift; sourceTree = "<group>"; };
		26F94BB923E974E60053281B /* URLParameterEncoder.swift */ = {isa = PBXFileReference; lastKnownFileType = sourcecode.swift; path = URLParameterEncoder.swift; sourceTree = "<group>"; };
		26F94BBB23E9755B0053281B /* NetworkError.swift */ = {isa = PBXFileReference; lastKnownFileType = sourcecode.swift; path = NetworkError.swift; sourceTree = "<group>"; };
		26F94BBE23E97B0C0053281B /* Constants.swift */ = {isa = PBXFileReference; lastKnownFileType = sourcecode.swift; path = Constants.swift; sourceTree = "<group>"; };
		26F94BC423E989190053281B /* JSONParameterEncoder.swift */ = {isa = PBXFileReference; lastKnownFileType = sourcecode.swift; path = JSONParameterEncoder.swift; sourceTree = "<group>"; };
		26F94BC723E995600053281B /* WeatherEndpoint.swift */ = {isa = PBXFileReference; lastKnownFileType = sourcecode.swift; path = WeatherEndpoint.swift; sourceTree = "<group>"; };
/* End PBXFileReference section */

/* Begin PBXFrameworksBuildPhase section */
		267237F723E86D7500C0457B /* Frameworks */ = {
			isa = PBXFrameworksBuildPhase;
			buildActionMask = 2147483647;
			files = (
			);
			runOnlyForDeploymentPostprocessing = 0;
		};
/* End PBXFrameworksBuildPhase section */

/* Begin PBXGroup section */
		267237F123E86D7500C0457B = {
			isa = PBXGroup;
			children = (
				267237FC23E86D7500C0457B /* WeatherApp */,
				267237FB23E86D7500C0457B /* Products */,
			);
			sourceTree = "<group>";
		};
		267237FB23E86D7500C0457B /* Products */ = {
			isa = PBXGroup;
			children = (
				267237FA23E86D7500C0457B /* WeatherApp.app */,
			);
			name = Products;
			sourceTree = "<group>";
		};
		267237FC23E86D7500C0457B /* WeatherApp */ = {
			isa = PBXGroup;
			children = (
				2672381123E8701300C0457B /* Models */,
				26F94BAA23E966240053281B /* Services */,
				26F94BAE23E96D000053281B /* ViewControllers */,
				26F94BAD23E96C820053281B /* Supporting Files */,
				2672380B23E86D7600C0457B /* Info.plist */,
			);
			path = WeatherApp;
			sourceTree = "<group>";
		};
		2672381123E8701300C0457B /* Models */ = {
			isa = PBXGroup;
			children = (
				2672381223E8707800C0457B /* City.swift */,
				2672381623E8707800C0457B /* Clouds.swift */,
				2672381723E8707800C0457B /* Coordinates.swift */,
				2672381423E8707800C0457B /* Sys.swift */,
				2672381523E8707800C0457B /* Weather.swift */,
				2672381923E8707800C0457B /* WeatherInfo.swift */,
				2672381323E8707800C0457B /* WeatherMain.swift */,
				2672381823E8707800C0457B /* Wind.swift */,
			);
			path = Models;
			sourceTree = "<group>";
		};
		26F94BAA23E966240053281B /* Services */ = {
			isa = PBXGroup;
			children = (
				26F94BB123E970580053281B /* Network */,
			);
			path = Services;
			sourceTree = "<group>";
		};
		26F94BAD23E96C820053281B /* Supporting Files */ = {
			isa = PBXGroup;
			children = (
				267237FD23E86D7500C0457B /* AppDelegate.swift */,
				267237FF23E86D7500C0457B /* SceneDelegate.swift */,
				2672380623E86D7600C0457B /* Assets.xcassets */,
				2672380823E86D7600C0457B /* LaunchScreen.storyboard */,
			);
			path = "Supporting Files";
			sourceTree = "<group>";
		};
		26F94BAE23E96D000053281B /* ViewControllers */ = {
			isa = PBXGroup;
			children = (
				2672380123E86D7500C0457B /* ViewController.swift */,
			);
			path = ViewControllers;
			sourceTree = "<group>";
		};
		26F94BB123E970580053281B /* Network */ = {
			isa = PBXGroup;
			children = (
				26F94BC623E995510053281B /* EndPoints */,
				26F94BBD23E979990053281B /* Supporting Files */,
				26F94BB423E973450053281B /* Encoding */,
				26F94BC123E97ECB0053281B /* Service */,
			);
			path = Network;
			sourceTree = "<group>";
		};
		26F94BB423E973450053281B /* Encoding */ = {
			isa = PBXGroup;
			children = (
				26F94BB523E973570053281B /* ParameterEncoder.swift */,
				26F94BB923E974E60053281B /* URLParameterEncoder.swift */,
				26F94BBB23E9755B0053281B /* NetworkError.swift */,
				26F94BC423E989190053281B /* JSONParameterEncoder.swift */,
			);
			path = Encoding;
			sourceTree = "<group>";
		};
		26F94BBD23E979990053281B /* Supporting Files */ = {
			isa = PBXGroup;
			children = (
				26F94BBE23E97B0C0053281B /* Constants.swift */,
			);
			path = "Supporting Files";
			sourceTree = "<group>";
		};
		26F94BC123E97ECB0053281B /* Service */ = {
			isa = PBXGroup;
			children = (
				26F94BAB23E9663E0053281B /* NetworkService.swift */,
				26F94BB723E974650053281B /* EndPointType.swift */,
				26F94BAF23E96F630053281B /* HTTPMethod.swift */,
				26F94BB223E9708B0053281B /* HTTPTask.swift */,
			);
			path = Service;
			sourceTree = "<group>";
		};
		26F94BC623E995510053281B /* EndPoints */ = {
			isa = PBXGroup;
			children = (
				26F94BC723E995600053281B /* WeatherEndpoint.swift */,
			);
			path = EndPoints;
			sourceTree = "<group>";
		};
/* End PBXGroup section */

/* Begin PBXNativeTarget section */
		267237F923E86D7500C0457B /* WeatherApp */ = {
			isa = PBXNativeTarget;
			buildConfigurationList = 2672380E23E86D7600C0457B /* Build configuration list for PBXNativeTarget "WeatherApp" */;
			buildPhases = (
				267237F623E86D7500C0457B /* Sources */,
				267237F723E86D7500C0457B /* Frameworks */,
				267237F823E86D7500C0457B /* Resources */,
			);
			buildRules = (
			);
			dependencies = (
			);
			name = WeatherApp;
			productName = WeatherApp;
			productReference = 267237FA23E86D7500C0457B /* WeatherApp.app */;
			productType = "com.apple.product-type.application";
		};
/* End PBXNativeTarget section */

/* Begin PBXProject section */
		267237F223E86D7500C0457B /* Project object */ = {
			isa = PBXProject;
			attributes = {
				LastSwiftUpdateCheck = 1130;
				LastUpgradeCheck = 1130;
				ORGANIZATIONNAME = "Sven Svetina";
				TargetAttributes = {
					267237F923E86D7500C0457B = {
						CreatedOnToolsVersion = 11.3;
					};
				};
			};
			buildConfigurationList = 267237F523E86D7500C0457B /* Build configuration list for PBXProject "WeatherApp" */;
			compatibilityVersion = "Xcode 9.3";
			developmentRegion = en;
			hasScannedForEncodings = 0;
			knownRegions = (
				en,
				Base,
			);
			mainGroup = 267237F123E86D7500C0457B;
			productRefGroup = 267237FB23E86D7500C0457B /* Products */;
			projectDirPath = "";
			projectRoot = "";
			targets = (
				267237F923E86D7500C0457B /* WeatherApp */,
			);
		};
/* End PBXProject section */

/* Begin PBXResourcesBuildPhase section */
		267237F823E86D7500C0457B /* Resources */ = {
			isa = PBXResourcesBuildPhase;
			buildActionMask = 2147483647;
			files = (
				2672380A23E86D7600C0457B /* LaunchScreen.storyboard in Resources */,
				2672380723E86D7600C0457B /* Assets.xcassets in Resources */,
			);
			runOnlyForDeploymentPostprocessing = 0;
		};
/* End PBXResourcesBuildPhase section */

/* Begin PBXSourcesBuildPhase section */
		267237F623E86D7500C0457B /* Sources */ = {
			isa = PBXSourcesBuildPhase;
			buildActionMask = 2147483647;
			files = (
				26F94BC523E989190053281B /* JSONParameterEncoder.swift in Sources */,
				26F94BB823E974650053281B /* EndPointType.swift in Sources */,
				26F94BBF23E97B0C0053281B /* Constants.swift in Sources */,
				26F94BB323E9708B0053281B /* HTTPTask.swift in Sources */,
				2672380223E86D7500C0457B /* ViewController.swift in Sources */,
				2672382023E8707800C0457B /* Wind.swift in Sources */,
				2672381E23E8707800C0457B /* Clouds.swift in Sources */,
				2672382123E8707800C0457B /* WeatherInfo.swift in Sources */,
				2672381B23E8707800C0457B /* WeatherMain.swift in Sources */,
				267237FE23E86D7500C0457B /* AppDelegate.swift in Sources */,
				2672381A23E8707800C0457B /* City.swift in Sources */,
				2672380023E86D7500C0457B /* SceneDelegate.swift in Sources */,
				2672381F23E8707800C0457B /* Coordinates.swift in Sources */,
				2672381C23E8707800C0457B /* Sys.swift in Sources */,
				26F94BBA23E974E60053281B /* URLParameterEncoder.swift in Sources */,
				26F94BB023E96F630053281B /* HTTPMethod.swift in Sources */,
				26F94BB623E973570053281B /* ParameterEncoder.swift in Sources */,
				26F94BBC23E9755B0053281B /* NetworkError.swift in Sources */,
				26F94BAC23E9663E0053281B /* NetworkService.swift in Sources */,
				2672381D23E8707800C0457B /* Weather.swift in Sources */,
				26F94BC823E995600053281B /* WeatherEndpoint.swift in Sources */,
			);
			runOnlyForDeploymentPostprocessing = 0;
		};
/* End PBXSourcesBuildPhase section */

/* Begin PBXVariantGroup section */
		2672380823E86D7600C0457B /* LaunchScreen.storyboard */ = {
			isa = PBXVariantGroup;
			children = (
				2672380923E86D7600C0457B /* Base */,
			);
			name = LaunchScreen.storyboard;
			sourceTree = "<group>";
		};
/* End PBXVariantGroup section */

/* Begin XCBuildConfiguration section */
		2672380C23E86D7600C0457B /* Debug */ = {
			isa = XCBuildConfiguration;
			buildSettings = {
				ALWAYS_SEARCH_USER_PATHS = NO;
				CLANG_ANALYZER_NONNULL = YES;
				CLANG_ANALYZER_NUMBER_OBJECT_CONVERSION = YES_AGGRESSIVE;
				CLANG_CXX_LANGUAGE_STANDARD = "gnu++14";
				CLANG_CXX_LIBRARY = "libc++";
				CLANG_ENABLE_MODULES = YES;
				CLANG_ENABLE_OBJC_ARC = YES;
				CLANG_ENABLE_OBJC_WEAK = YES;
				CLANG_WARN_BLOCK_CAPTURE_AUTORELEASING = YES;
				CLANG_WARN_BOOL_CONVERSION = YES;
				CLANG_WARN_COMMA = YES;
				CLANG_WARN_CONSTANT_CONVERSION = YES;
				CLANG_WARN_DEPRECATED_OBJC_IMPLEMENTATIONS = YES;
				CLANG_WARN_DIRECT_OBJC_ISA_USAGE = YES_ERROR;
				CLANG_WARN_DOCUMENTATION_COMMENTS = YES;
				CLANG_WARN_EMPTY_BODY = YES;
				CLANG_WARN_ENUM_CONVERSION = YES;
				CLANG_WARN_INFINITE_RECURSION = YES;
				CLANG_WARN_INT_CONVERSION = YES;
				CLANG_WARN_NON_LITERAL_NULL_CONVERSION = YES;
				CLANG_WARN_OBJC_IMPLICIT_RETAIN_SELF = YES;
				CLANG_WARN_OBJC_LITERAL_CONVERSION = YES;
				CLANG_WARN_OBJC_ROOT_CLASS = YES_ERROR;
				CLANG_WARN_RANGE_LOOP_ANALYSIS = YES;
				CLANG_WARN_STRICT_PROTOTYPES = YES;
				CLANG_WARN_SUSPICIOUS_MOVE = YES;
				CLANG_WARN_UNGUARDED_AVAILABILITY = YES_AGGRESSIVE;
				CLANG_WARN_UNREACHABLE_CODE = YES;
				CLANG_WARN__DUPLICATE_METHOD_MATCH = YES;
				COPY_PHASE_STRIP = NO;
				DEBUG_INFORMATION_FORMAT = dwarf;
				ENABLE_STRICT_OBJC_MSGSEND = YES;
				ENABLE_TESTABILITY = YES;
				GCC_C_LANGUAGE_STANDARD = gnu11;
				GCC_DYNAMIC_NO_PIC = NO;
				GCC_NO_COMMON_BLOCKS = YES;
				GCC_OPTIMIZATION_LEVEL = 0;
				GCC_PREPROCESSOR_DEFINITIONS = (
					"DEBUG=1",
					"$(inherited)",
				);
				GCC_WARN_64_TO_32_BIT_CONVERSION = YES;
				GCC_WARN_ABOUT_RETURN_TYPE = YES_ERROR;
				GCC_WARN_UNDECLARED_SELECTOR = YES;
				GCC_WARN_UNINITIALIZED_AUTOS = YES_AGGRESSIVE;
				GCC_WARN_UNUSED_FUNCTION = YES;
				GCC_WARN_UNUSED_VARIABLE = YES;
				IPHONEOS_DEPLOYMENT_TARGET = 13.2;
				MTL_ENABLE_DEBUG_INFO = INCLUDE_SOURCE;
				MTL_FAST_MATH = YES;
				ONLY_ACTIVE_ARCH = YES;
				SDKROOT = iphoneos;
				SWIFT_ACTIVE_COMPILATION_CONDITIONS = DEBUG;
				SWIFT_OPTIMIZATION_LEVEL = "-Onone";
			};
			name = Debug;
		};
		2672380D23E86D7600C0457B /* Release */ = {
			isa = XCBuildConfiguration;
			buildSettings = {
				ALWAYS_SEARCH_USER_PATHS = NO;
				CLANG_ANALYZER_NONNULL = YES;
				CLANG_ANALYZER_NUMBER_OBJECT_CONVERSION = YES_AGGRESSIVE;
				CLANG_CXX_LANGUAGE_STANDARD = "gnu++14";
				CLANG_CXX_LIBRARY = "libc++";
				CLANG_ENABLE_MODULES = YES;
				CLANG_ENABLE_OBJC_ARC = YES;
				CLANG_ENABLE_OBJC_WEAK = YES;
				CLANG_WARN_BLOCK_CAPTURE_AUTORELEASING = YES;
				CLANG_WARN_BOOL_CONVERSION = YES;
				CLANG_WARN_COMMA = YES;
				CLANG_WARN_CONSTANT_CONVERSION = YES;
				CLANG_WARN_DEPRECATED_OBJC_IMPLEMENTATIONS = YES;
				CLANG_WARN_DIRECT_OBJC_ISA_USAGE = YES_ERROR;
				CLANG_WARN_DOCUMENTATION_COMMENTS = YES;
				CLANG_WARN_EMPTY_BODY = YES;
				CLANG_WARN_ENUM_CONVERSION = YES;
				CLANG_WARN_INFINITE_RECURSION = YES;
				CLANG_WARN_INT_CONVERSION = YES;
				CLANG_WARN_NON_LITERAL_NULL_CONVERSION = YES;
				CLANG_WARN_OBJC_IMPLICIT_RETAIN_SELF = YES;
				CLANG_WARN_OBJC_LITERAL_CONVERSION = YES;
				CLANG_WARN_OBJC_ROOT_CLASS = YES_ERROR;
				CLANG_WARN_RANGE_LOOP_ANALYSIS = YES;
				CLANG_WARN_STRICT_PROTOTYPES = YES;
				CLANG_WARN_SUSPICIOUS_MOVE = YES;
				CLANG_WARN_UNGUARDED_AVAILABILITY = YES_AGGRESSIVE;
				CLANG_WARN_UNREACHABLE_CODE = YES;
				CLANG_WARN__DUPLICATE_METHOD_MATCH = YES;
				COPY_PHASE_STRIP = NO;
				DEBUG_INFORMATION_FORMAT = "dwarf-with-dsym";
				ENABLE_NS_ASSERTIONS = NO;
				ENABLE_STRICT_OBJC_MSGSEND = YES;
				GCC_C_LANGUAGE_STANDARD = gnu11;
				GCC_NO_COMMON_BLOCKS = YES;
				GCC_WARN_64_TO_32_BIT_CONVERSION = YES;
				GCC_WARN_ABOUT_RETURN_TYPE = YES_ERROR;
				GCC_WARN_UNDECLARED_SELECTOR = YES;
				GCC_WARN_UNINITIALIZED_AUTOS = YES_AGGRESSIVE;
				GCC_WARN_UNUSED_FUNCTION = YES;
				GCC_WARN_UNUSED_VARIABLE = YES;
				IPHONEOS_DEPLOYMENT_TARGET = 13.2;
				MTL_ENABLE_DEBUG_INFO = NO;
				MTL_FAST_MATH = YES;
				SDKROOT = iphoneos;
				SWIFT_COMPILATION_MODE = wholemodule;
				SWIFT_OPTIMIZATION_LEVEL = "-O";
				VALIDATE_PRODUCT = YES;
			};
			name = Release;
		};
		2672380F23E86D7600C0457B /* Debug */ = {
			isa = XCBuildConfiguration;
			buildSettings = {
				ASSETCATALOG_COMPILER_APPICON_NAME = AppIcon;
				CODE_SIGN_STYLE = Automatic;
				DEVELOPMENT_TEAM = 37NP6KPC8R;
				INFOPLIST_FILE = WeatherApp/Info.plist;
				LD_RUNPATH_SEARCH_PATHS = (
					"$(inherited)",
					"@executable_path/Frameworks",
				);
				PRODUCT_BUNDLE_IDENTIFIER = sven.WeatherApp;
				PRODUCT_NAME = "$(TARGET_NAME)";
				SWIFT_VERSION = 5.0;
				TARGETED_DEVICE_FAMILY = "1,2";
			};
			name = Debug;
		};
		2672381023E86D7600C0457B /* Release */ = {
			isa = XCBuildConfiguration;
			buildSettings = {
				ASSETCATALOG_COMPILER_APPICON_NAME = AppIcon;
				CODE_SIGN_STYLE = Automatic;
				DEVELOPMENT_TEAM = 37NP6KPC8R;
				INFOPLIST_FILE = WeatherApp/Info.plist;
				LD_RUNPATH_SEARCH_PATHS = (
					"$(inherited)",
					"@executable_path/Frameworks",
				);
				PRODUCT_BUNDLE_IDENTIFIER = sven.WeatherApp;
				PRODUCT_NAME = "$(TARGET_NAME)";
				SWIFT_VERSION = 5.0;
				TARGETED_DEVICE_FAMILY = "1,2";
			};
			name = Release;
		};
/* End XCBuildConfiguration section */

/* Begin XCConfigurationList section */
		267237F523E86D7500C0457B /* Build configuration list for PBXProject "WeatherApp" */ = {
			isa = XCConfigurationList;
			buildConfigurations = (
				2672380C23E86D7600C0457B /* Debug */,
				2672380D23E86D7600C0457B /* Release */,
			);
			defaultConfigurationIsVisible = 0;
			defaultConfigurationName = Release;
		};
		2672380E23E86D7600C0457B /* Build configuration list for PBXNativeTarget "WeatherApp" */ = {
			isa = XCConfigurationList;
			buildConfigurations = (
				2672380F23E86D7600C0457B /* Debug */,
				2672381023E86D7600C0457B /* Release */,
			);
			defaultConfigurationIsVisible = 0;
			defaultConfigurationName = Release;
		};
/* End XCConfigurationList section */
	};
	rootObject = 267237F223E86D7500C0457B /* Project object */;
}
