// !$*UTF8*$!
{
	archiveVersion = 1;
	classes = {
	};
	objectVersion = 51;
	objects = {

/* Begin PBXBuildFile section */
		264895DC23ED9497008D2AB5 /* WeatherListPresenter.swift in Sources */ = {isa = PBXBuildFile; fileRef = 264895DB23ED9497008D2AB5 /* WeatherListPresenter.swift */; };
		264895E023ED951A008D2AB5 /* WeatherUseCase.swift in Sources */ = {isa = PBXBuildFile; fileRef = 264895DF23ED951A008D2AB5 /* WeatherUseCase.swift */; };
		264895E423ED9569008D2AB5 /* WeatherDataRepository.swift in Sources */ = {isa = PBXBuildFile; fileRef = 264895E323ED9569008D2AB5 /* WeatherDataRepository.swift */; };
		264895E623ED95F0008D2AB5 /* WeatherDataRepositoryProtocol.swift in Sources */ = {isa = PBXBuildFile; fileRef = 264895E523ED95F0008D2AB5 /* WeatherDataRepositoryProtocol.swift */; };
		264895E823ED9C6A008D2AB5 /* WeatherUseCaseProtocol.swift in Sources */ = {isa = PBXBuildFile; fileRef = 264895E723ED9C6A008D2AB5 /* WeatherUseCaseProtocol.swift */; };
		265B345023EC392F00B00852 /* MultiCitiesWeather.swift in Sources */ = {isa = PBXBuildFile; fileRef = 265B344F23EC392F00B00852 /* MultiCitiesWeather.swift */; };
		265B345223EC4FB100B00852 /* WeatherListViewController+UITableView.swift in Sources */ = {isa = PBXBuildFile; fileRef = 265B345123EC4FB100B00852 /* WeatherListViewController+UITableView.swift */; };
		265B345723EC553000B00852 /* NavigationService.swift in Sources */ = {isa = PBXBuildFile; fileRef = 265B345623EC553000B00852 /* NavigationService.swift */; };
		265B345B23ED5C3D00B00852 /* WeatherViewModel.swift in Sources */ = {isa = PBXBuildFile; fileRef = 265B345A23ED5C3D00B00852 /* WeatherViewModel.swift */; };
		266754DC23EB06B900BB67A9 /* CurrentWeatherNetworkService.swift in Sources */ = {isa = PBXBuildFile; fileRef = 266754DB23EB06B900BB67A9 /* CurrentWeatherNetworkService.swift */; };
		267237FE23E86D7500C0457B /* AppDelegate.swift in Sources */ = {isa = PBXBuildFile; fileRef = 267237FD23E86D7500C0457B /* AppDelegate.swift */; };
		2672380023E86D7500C0457B /* SceneDelegate.swift in Sources */ = {isa = PBXBuildFile; fileRef = 267237FF23E86D7500C0457B /* SceneDelegate.swift */; };
		2672380223E86D7500C0457B /* WeatherListViewController.swift in Sources */ = {isa = PBXBuildFile; fileRef = 2672380123E86D7500C0457B /* WeatherListViewController.swift */; };
		2672380723E86D7600C0457B /* Assets.xcassets in Resources */ = {isa = PBXBuildFile; fileRef = 2672380623E86D7600C0457B /* Assets.xcassets */; };
		2672380A23E86D7600C0457B /* LaunchScreen.storyboard in Resources */ = {isa = PBXBuildFile; fileRef = 2672380823E86D7600C0457B /* LaunchScreen.storyboard */; };
		2672381A23E8707800C0457B /* City.swift in Sources */ = {isa = PBXBuildFile; fileRef = 2672381223E8707800C0457B /* City.swift */; };
		2672381B23E8707800C0457B /* WeatherMainInfo.swift in Sources */ = {isa = PBXBuildFile; fileRef = 2672381323E8707800C0457B /* WeatherMainInfo.swift */; };
		2672381C23E8707800C0457B /* WeatherLocation.swift in Sources */ = {isa = PBXBuildFile; fileRef = 2672381423E8707800C0457B /* WeatherLocation.swift */; };
		2672381D23E8707800C0457B /* Weather.swift in Sources */ = {isa = PBXBuildFile; fileRef = 2672381523E8707800C0457B /* Weather.swift */; };
		2672381E23E8707800C0457B /* Clouds.swift in Sources */ = {isa = PBXBuildFile; fileRef = 2672381623E8707800C0457B /* Clouds.swift */; };
		2672381F23E8707800C0457B /* Coordinates.swift in Sources */ = {isa = PBXBuildFile; fileRef = 2672381723E8707800C0457B /* Coordinates.swift */; };
		2672382023E8707800C0457B /* Wind.swift in Sources */ = {isa = PBXBuildFile; fileRef = 2672381823E8707800C0457B /* Wind.swift */; };
		2672382123E8707800C0457B /* WeatherInfo.swift in Sources */ = {isa = PBXBuildFile; fileRef = 2672381923E8707800C0457B /* WeatherInfo.swift */; };
		26AC01D723F1851200926D50 /* WeatherInfoCell+Design.swift in Sources */ = {isa = PBXBuildFile; fileRef = 26AC01D623F1851200926D50 /* WeatherInfoCell+Design.swift */; };
		26AC01DA23F2B75100926D50 /* CityData.json in Resources */ = {isa = PBXBuildFile; fileRef = 26AC01D923F2B75100926D50 /* CityData.json */; };
		26AC01DD23F2B9DB00926D50 /* CityService.swift in Sources */ = {isa = PBXBuildFile; fileRef = 26AC01DC23F2B9DB00926D50 /* CityService.swift */; };
		26AC01DF23F2BA0500926D50 /* CityServiceProtocol.swift in Sources */ = {isa = PBXBuildFile; fileRef = 26AC01DE23F2BA0500926D50 /* CityServiceProtocol.swift */; };
		26AC01E923F2F63200926D50 /* WeatherDetailsViewController.swift in Sources */ = {isa = PBXBuildFile; fileRef = 26AC01E823F2F63200926D50 /* WeatherDetailsViewController.swift */; };
		26AC01EB23F2FF6900926D50 /* WeatherDetailsViewController+Design.swift in Sources */ = {isa = PBXBuildFile; fileRef = 26AC01EA23F2FF6900926D50 /* WeatherDetailsViewController+Design.swift */; };
		26AC01ED23F2FF7900926D50 /* WeatherDetailsViewController+Extensions.swift in Sources */ = {isa = PBXBuildFile; fileRef = 26AC01EC23F2FF7900926D50 /* WeatherDetailsViewController+Extensions.swift */; };
		26AC01F023F3F6E600926D50 /* WeatherDetailsCell.swift in Sources */ = {isa = PBXBuildFile; fileRef = 26AC01EF23F3F6E600926D50 /* WeatherDetailsCell.swift */; };
		26AC01F823F43E1800926D50 /* WeatherDetailsCell+Design.swift in Sources */ = {isa = PBXBuildFile; fileRef = 26AC01F723F43E1800926D50 /* WeatherDetailsCell+Design.swift */; };
		26AC01FB23F4496E00926D50 /* ForecastView.swift in Sources */ = {isa = PBXBuildFile; fileRef = 26AC01FA23F4496E00926D50 /* ForecastView.swift */; };
		26AC01FD23F4499500926D50 /* ForecastView+Design.swift in Sources */ = {isa = PBXBuildFile; fileRef = 26AC01FC23F4499500926D50 /* ForecastView+Design.swift */; };
		26AC01FF23F47D7100926D50 /* ForecastInfo.swift in Sources */ = {isa = PBXBuildFile; fileRef = 26AC01FE23F47D7100926D50 /* ForecastInfo.swift */; };
		26AC020123F47E2500926D50 /* Forecast.swift in Sources */ = {isa = PBXBuildFile; fileRef = 26AC020023F47E2500926D50 /* Forecast.swift */; };
		26AC020423F47E7E00926D50 /* ForecastNetworkService.swift in Sources */ = {isa = PBXBuildFile; fileRef = 26AC020323F47E7E00926D50 /* ForecastNetworkService.swift */; };
		26AC020623F47FD300926D50 /* ForecastEndpoint.swift in Sources */ = {isa = PBXBuildFile; fileRef = 26AC020523F47FD300926D50 /* ForecastEndpoint.swift */; };
		26AC020923F481B500926D50 /* ForecastViewModel.swift in Sources */ = {isa = PBXBuildFile; fileRef = 26AC020823F481B500926D50 /* ForecastViewModel.swift */; };
		26AC020C23F4840E00926D50 /* Date+Extensions.swift in Sources */ = {isa = PBXBuildFile; fileRef = 26AC020B23F4840E00926D50 /* Date+Extensions.swift */; };
		26AC020F23F4851C00926D50 /* WeatherDetailsPresenter.swift in Sources */ = {isa = PBXBuildFile; fileRef = 26AC020E23F4851C00926D50 /* WeatherDetailsPresenter.swift */; };
		26E3004323F53957003BA38A /* Array+Extensions.swift in Sources */ = {isa = PBXBuildFile; fileRef = 26E3004223F53957003BA38A /* Array+Extensions.swift */; };
		26E3004523F6A2F9003BA38A /* DependencyContainer.swift in Sources */ = {isa = PBXBuildFile; fileRef = 26E3004423F6A2F8003BA38A /* DependencyContainer.swift */; };
		26E3004723F6AE21003BA38A /* AppTexts.swift in Sources */ = {isa = PBXBuildFile; fileRef = 26E3004623F6AE21003BA38A /* AppTexts.swift */; };
		26E3004B23FAE23D003BA38A /* Model.xcdatamodeld in Sources */ = {isa = PBXBuildFile; fileRef = 26E3004923FAE23D003BA38A /* Model.xcdatamodeld */; };
		26E3006323FBF64C003BA38A /* CDForecastInfo+CoreDataClass.swift in Sources */ = {isa = PBXBuildFile; fileRef = 26E3004F23FBF64C003BA38A /* CDForecastInfo+CoreDataClass.swift */; };
		26E3006423FBF64C003BA38A /* CDForecastInfo+CoreDataProperties.swift in Sources */ = {isa = PBXBuildFile; fileRef = 26E3005023FBF64C003BA38A /* CDForecastInfo+CoreDataProperties.swift */; };
		26E3006523FBF64C003BA38A /* CDWind+CoreDataClass.swift in Sources */ = {isa = PBXBuildFile; fileRef = 26E3005123FBF64C003BA38A /* CDWind+CoreDataClass.swift */; };
		26E3006623FBF64C003BA38A /* CDWind+CoreDataProperties.swift in Sources */ = {isa = PBXBuildFile; fileRef = 26E3005223FBF64C003BA38A /* CDWind+CoreDataProperties.swift */; };
		26E3006723FBF64C003BA38A /* CDForecast+CoreDataClass.swift in Sources */ = {isa = PBXBuildFile; fileRef = 26E3005323FBF64C003BA38A /* CDForecast+CoreDataClass.swift */; };
		26E3006823FBF64C003BA38A /* CDForecast+CoreDataProperties.swift in Sources */ = {isa = PBXBuildFile; fileRef = 26E3005423FBF64C003BA38A /* CDForecast+CoreDataProperties.swift */; };
		26E3006923FBF64C003BA38A /* CDCity+CoreDataClass.swift in Sources */ = {isa = PBXBuildFile; fileRef = 26E3005523FBF64C003BA38A /* CDCity+CoreDataClass.swift */; };
		26E3006A23FBF64C003BA38A /* CDCity+CoreDataProperties.swift in Sources */ = {isa = PBXBuildFile; fileRef = 26E3005623FBF64C003BA38A /* CDCity+CoreDataProperties.swift */; };
		26E3006B23FBF64C003BA38A /* CDCoordinates+CoreDataClass.swift in Sources */ = {isa = PBXBuildFile; fileRef = 26E3005723FBF64C003BA38A /* CDCoordinates+CoreDataClass.swift */; };
		26E3006C23FBF64C003BA38A /* CDCoordinates+CoreDataProperties.swift in Sources */ = {isa = PBXBuildFile; fileRef = 26E3005823FBF64C003BA38A /* CDCoordinates+CoreDataProperties.swift */; };
		26E3006D23FBF64C003BA38A /* CDWeatherLocation+CoreDataClass.swift in Sources */ = {isa = PBXBuildFile; fileRef = 26E3005923FBF64C003BA38A /* CDWeatherLocation+CoreDataClass.swift */; };
		26E3006E23FBF64C003BA38A /* CDWeatherLocation+CoreDataProperties.swift in Sources */ = {isa = PBXBuildFile; fileRef = 26E3005A23FBF64C003BA38A /* CDWeatherLocation+CoreDataProperties.swift */; };
		26E3006F23FBF64C003BA38A /* CDWeatherMainInfo+CoreDataClass.swift in Sources */ = {isa = PBXBuildFile; fileRef = 26E3005B23FBF64C003BA38A /* CDWeatherMainInfo+CoreDataClass.swift */; };
		26E3007023FBF64C003BA38A /* CDWeatherMainInfo+CoreDataProperties.swift in Sources */ = {isa = PBXBuildFile; fileRef = 26E3005C23FBF64C003BA38A /* CDWeatherMainInfo+CoreDataProperties.swift */; };
		26E3007123FBF64C003BA38A /* CDWeatherInfo+CoreDataClass.swift in Sources */ = {isa = PBXBuildFile; fileRef = 26E3005D23FBF64C003BA38A /* CDWeatherInfo+CoreDataClass.swift */; };
		26E3007223FBF64C003BA38A /* CDWeatherInfo+CoreDataProperties.swift in Sources */ = {isa = PBXBuildFile; fileRef = 26E3005E23FBF64C003BA38A /* CDWeatherInfo+CoreDataProperties.swift */; };
		26E3007323FBF64C003BA38A /* CDWeather+CoreDataClass.swift in Sources */ = {isa = PBXBuildFile; fileRef = 26E3005F23FBF64C003BA38A /* CDWeather+CoreDataClass.swift */; };
		26E3007423FBF64C003BA38A /* CDWeather+CoreDataProperties.swift in Sources */ = {isa = PBXBuildFile; fileRef = 26E3006023FBF64C003BA38A /* CDWeather+CoreDataProperties.swift */; };
		26E3007523FBF64C003BA38A /* CDClouds+CoreDataClass.swift in Sources */ = {isa = PBXBuildFile; fileRef = 26E3006123FBF64C003BA38A /* CDClouds+CoreDataClass.swift */; };
		26E3007623FBF64C003BA38A /* CDClouds+CoreDataProperties.swift in Sources */ = {isa = PBXBuildFile; fileRef = 26E3006223FBF64C003BA38A /* CDClouds+CoreDataProperties.swift */; };
		26F94BAC23E9663E0053281B /* NetworkService.swift in Sources */ = {isa = PBXBuildFile; fileRef = 26F94BAB23E9663E0053281B /* NetworkService.swift */; };
		26F94BB023E96F630053281B /* HTTPMethod.swift in Sources */ = {isa = PBXBuildFile; fileRef = 26F94BAF23E96F630053281B /* HTTPMethod.swift */; };
		26F94BB323E9708B0053281B /* HTTPTask.swift in Sources */ = {isa = PBXBuildFile; fileRef = 26F94BB223E9708B0053281B /* HTTPTask.swift */; };
		26F94BB623E973570053281B /* ParameterEncoder.swift in Sources */ = {isa = PBXBuildFile; fileRef = 26F94BB523E973570053281B /* ParameterEncoder.swift */; };
		26F94BB823E974650053281B /* EndPointType.swift in Sources */ = {isa = PBXBuildFile; fileRef = 26F94BB723E974650053281B /* EndPointType.swift */; };
		26F94BBA23E974E60053281B /* URLParameterEncoder.swift in Sources */ = {isa = PBXBuildFile; fileRef = 26F94BB923E974E60053281B /* URLParameterEncoder.swift */; };
		26F94BBC23E9755B0053281B /* NetworkError.swift in Sources */ = {isa = PBXBuildFile; fileRef = 26F94BBB23E9755B0053281B /* NetworkError.swift */; };
		26F94BBF23E97B0C0053281B /* APIConstants.swift in Sources */ = {isa = PBXBuildFile; fileRef = 26F94BBE23E97B0C0053281B /* APIConstants.swift */; };
		26F94BC523E989190053281B /* JSONParameterEncoder.swift in Sources */ = {isa = PBXBuildFile; fileRef = 26F94BC423E989190053281B /* JSONParameterEncoder.swift */; };
		26F94BC823E995600053281B /* WeatherEndpoint.swift in Sources */ = {isa = PBXBuildFile; fileRef = 26F94BC723E995600053281B /* WeatherEndpoint.swift */; };
		26F94BCE23EAD6090053281B /* WeatherInfoCell.swift in Sources */ = {isa = PBXBuildFile; fileRef = 26F94BCD23EAD6090053281B /* WeatherInfoCell.swift */; };
		D5B19BAC74D52F46A99A2E29 /* Pods_WeatherApp.framework in Frameworks */ = {isa = PBXBuildFile; fileRef = 780F381CFD70E1FD63C28432 /* Pods_WeatherApp.framework */; };
/* End PBXBuildFile section */

/* Begin PBXFileReference section */
		264895DB23ED9497008D2AB5 /* WeatherListPresenter.swift */ = {isa = PBXFileReference; lastKnownFileType = sourcecode.swift; path = WeatherListPresenter.swift; sourceTree = "<group>"; };
		264895DF23ED951A008D2AB5 /* WeatherUseCase.swift */ = {isa = PBXFileReference; lastKnownFileType = sourcecode.swift; path = WeatherUseCase.swift; sourceTree = "<group>"; };
		264895E323ED9569008D2AB5 /* WeatherDataRepository.swift */ = {isa = PBXFileReference; lastKnownFileType = sourcecode.swift; path = WeatherDataRepository.swift; sourceTree = "<group>"; };
		264895E523ED95F0008D2AB5 /* WeatherDataRepositoryProtocol.swift */ = {isa = PBXFileReference; lastKnownFileType = sourcecode.swift; path = WeatherDataRepositoryProtocol.swift; sourceTree = "<group>"; };
		264895E723ED9C6A008D2AB5 /* WeatherUseCaseProtocol.swift */ = {isa = PBXFileReference; lastKnownFileType = sourcecode.swift; path = WeatherUseCaseProtocol.swift; sourceTree = "<group>"; };
		265B344F23EC392F00B00852 /* MultiCitiesWeather.swift */ = {isa = PBXFileReference; lastKnownFileType = sourcecode.swift; path = MultiCitiesWeather.swift; sourceTree = "<group>"; };
		265B345123EC4FB100B00852 /* WeatherListViewController+UITableView.swift */ = {isa = PBXFileReference; lastKnownFileType = sourcecode.swift; path = "WeatherListViewController+UITableView.swift"; sourceTree = "<group>"; };
		265B345623EC553000B00852 /* NavigationService.swift */ = {isa = PBXFileReference; lastKnownFileType = sourcecode.swift; path = NavigationService.swift; sourceTree = "<group>"; };
		265B345A23ED5C3D00B00852 /* WeatherViewModel.swift */ = {isa = PBXFileReference; lastKnownFileType = sourcecode.swift; path = WeatherViewModel.swift; sourceTree = "<group>"; };
		266754DB23EB06B900BB67A9 /* CurrentWeatherNetworkService.swift */ = {isa = PBXFileReference; lastKnownFileType = sourcecode.swift; path = CurrentWeatherNetworkService.swift; sourceTree = "<group>"; };
		267237FA23E86D7500C0457B /* WeatherApp.app */ = {isa = PBXFileReference; explicitFileType = wrapper.application; includeInIndex = 0; path = WeatherApp.app; sourceTree = BUILT_PRODUCTS_DIR; };
		267237FD23E86D7500C0457B /* AppDelegate.swift */ = {isa = PBXFileReference; lastKnownFileType = sourcecode.swift; path = AppDelegate.swift; sourceTree = "<group>"; };
		267237FF23E86D7500C0457B /* SceneDelegate.swift */ = {isa = PBXFileReference; lastKnownFileType = sourcecode.swift; path = SceneDelegate.swift; sourceTree = "<group>"; };
		2672380123E86D7500C0457B /* WeatherListViewController.swift */ = {isa = PBXFileReference; lastKnownFileType = sourcecode.swift; path = WeatherListViewController.swift; sourceTree = "<group>"; };
		2672380623E86D7600C0457B /* Assets.xcassets */ = {isa = PBXFileReference; lastKnownFileType = folder.assetcatalog; path = Assets.xcassets; sourceTree = "<group>"; };
		2672380923E86D7600C0457B /* Base */ = {isa = PBXFileReference; lastKnownFileType = file.storyboard; name = Base; path = Base.lproj/LaunchScreen.storyboard; sourceTree = "<group>"; };
		2672380B23E86D7600C0457B /* Info.plist */ = {isa = PBXFileReference; lastKnownFileType = text.plist.xml; path = Info.plist; sourceTree = "<group>"; };
		2672381223E8707800C0457B /* City.swift */ = {isa = PBXFileReference; fileEncoding = 4; lastKnownFileType = sourcecode.swift; path = City.swift; sourceTree = "<group>"; };
		2672381323E8707800C0457B /* WeatherMainInfo.swift */ = {isa = PBXFileReference; fileEncoding = 4; lastKnownFileType = sourcecode.swift; path = WeatherMainInfo.swift; sourceTree = "<group>"; };
		2672381423E8707800C0457B /* WeatherLocation.swift */ = {isa = PBXFileReference; fileEncoding = 4; lastKnownFileType = sourcecode.swift; path = WeatherLocation.swift; sourceTree = "<group>"; };
		2672381523E8707800C0457B /* Weather.swift */ = {isa = PBXFileReference; fileEncoding = 4; lastKnownFileType = sourcecode.swift; path = Weather.swift; sourceTree = "<group>"; };
		2672381623E8707800C0457B /* Clouds.swift */ = {isa = PBXFileReference; fileEncoding = 4; lastKnownFileType = sourcecode.swift; path = Clouds.swift; sourceTree = "<group>"; };
		2672381723E8707800C0457B /* Coordinates.swift */ = {isa = PBXFileReference; fileEncoding = 4; lastKnownFileType = sourcecode.swift; path = Coordinates.swift; sourceTree = "<group>"; };
		2672381823E8707800C0457B /* Wind.swift */ = {isa = PBXFileReference; fileEncoding = 4; lastKnownFileType = sourcecode.swift; path = Wind.swift; sourceTree = "<group>"; };
		2672381923E8707800C0457B /* WeatherInfo.swift */ = {isa = PBXFileReference; fileEncoding = 4; lastKnownFileType = sourcecode.swift; path = WeatherInfo.swift; sourceTree = "<group>"; };
		26AC01D623F1851200926D50 /* WeatherInfoCell+Design.swift */ = {isa = PBXFileReference; lastKnownFileType = sourcecode.swift; path = "WeatherInfoCell+Design.swift"; sourceTree = "<group>"; };
		26AC01D923F2B75100926D50 /* CityData.json */ = {isa = PBXFileReference; lastKnownFileType = text.json; path = CityData.json; sourceTree = "<group>"; };
		26AC01DC23F2B9DB00926D50 /* CityService.swift */ = {isa = PBXFileReference; lastKnownFileType = sourcecode.swift; path = CityService.swift; sourceTree = "<group>"; };
		26AC01DE23F2BA0500926D50 /* CityServiceProtocol.swift */ = {isa = PBXFileReference; lastKnownFileType = sourcecode.swift; path = CityServiceProtocol.swift; sourceTree = "<group>"; };
		26AC01E823F2F63200926D50 /* WeatherDetailsViewController.swift */ = {isa = PBXFileReference; lastKnownFileType = sourcecode.swift; path = WeatherDetailsViewController.swift; sourceTree = "<group>"; };
		26AC01EA23F2FF6900926D50 /* WeatherDetailsViewController+Design.swift */ = {isa = PBXFileReference; lastKnownFileType = sourcecode.swift; path = "WeatherDetailsViewController+Design.swift"; sourceTree = "<group>"; };
		26AC01EC23F2FF7900926D50 /* WeatherDetailsViewController+Extensions.swift */ = {isa = PBXFileReference; lastKnownFileType = sourcecode.swift; path = "WeatherDetailsViewController+Extensions.swift"; sourceTree = "<group>"; };
		26AC01EF23F3F6E600926D50 /* WeatherDetailsCell.swift */ = {isa = PBXFileReference; lastKnownFileType = sourcecode.swift; path = WeatherDetailsCell.swift; sourceTree = "<group>"; };
		26AC01F723F43E1800926D50 /* WeatherDetailsCell+Design.swift */ = {isa = PBXFileReference; lastKnownFileType = sourcecode.swift; path = "WeatherDetailsCell+Design.swift"; sourceTree = "<group>"; };
		26AC01FA23F4496E00926D50 /* ForecastView.swift */ = {isa = PBXFileReference; lastKnownFileType = sourcecode.swift; path = ForecastView.swift; sourceTree = "<group>"; };
		26AC01FC23F4499500926D50 /* ForecastView+Design.swift */ = {isa = PBXFileReference; lastKnownFileType = sourcecode.swift; path = "ForecastView+Design.swift"; sourceTree = "<group>"; };
		26AC01FE23F47D7100926D50 /* ForecastInfo.swift */ = {isa = PBXFileReference; lastKnownFileType = sourcecode.swift; path = ForecastInfo.swift; sourceTree = "<group>"; };
		26AC020023F47E2500926D50 /* Forecast.swift */ = {isa = PBXFileReference; lastKnownFileType = sourcecode.swift; path = Forecast.swift; sourceTree = "<group>"; };
		26AC020323F47E7E00926D50 /* ForecastNetworkService.swift */ = {isa = PBXFileReference; lastKnownFileType = sourcecode.swift; path = ForecastNetworkService.swift; sourceTree = "<group>"; };
		26AC020523F47FD300926D50 /* ForecastEndpoint.swift */ = {isa = PBXFileReference; lastKnownFileType = sourcecode.swift; path = ForecastEndpoint.swift; sourceTree = "<group>"; };
		26AC020823F481B500926D50 /* ForecastViewModel.swift */ = {isa = PBXFileReference; lastKnownFileType = sourcecode.swift; path = ForecastViewModel.swift; sourceTree = "<group>"; };
		26AC020B23F4840E00926D50 /* Date+Extensions.swift */ = {isa = PBXFileReference; lastKnownFileType = sourcecode.swift; path = "Date+Extensions.swift"; sourceTree = "<group>"; };
		26AC020E23F4851C00926D50 /* WeatherDetailsPresenter.swift */ = {isa = PBXFileReference; lastKnownFileType = sourcecode.swift; path = WeatherDetailsPresenter.swift; sourceTree = "<group>"; };
		26E3004223F53957003BA38A /* Array+Extensions.swift */ = {isa = PBXFileReference; lastKnownFileType = sourcecode.swift; path = "Array+Extensions.swift"; sourceTree = "<group>"; };
		26E3004423F6A2F8003BA38A /* DependencyContainer.swift */ = {isa = PBXFileReference; lastKnownFileType = sourcecode.swift; path = DependencyContainer.swift; sourceTree = "<group>"; };
		26E3004623F6AE21003BA38A /* AppTexts.swift */ = {isa = PBXFileReference; lastKnownFileType = sourcecode.swift; path = AppTexts.swift; sourceTree = "<group>"; };
		26E3004A23FAE23D003BA38A /* Model.xcdatamodel */ = {isa = PBXFileReference; lastKnownFileType = wrapper.xcdatamodel; path = Model.xcdatamodel; sourceTree = "<group>"; };
		26E3004F23FBF64C003BA38A /* CDForecastInfo+CoreDataClass.swift */ = {isa = PBXFileReference; lastKnownFileType = sourcecode.swift; path = "CDForecastInfo+CoreDataClass.swift"; sourceTree = "<group>"; };
		26E3005023FBF64C003BA38A /* CDForecastInfo+CoreDataProperties.swift */ = {isa = PBXFileReference; lastKnownFileType = sourcecode.swift; path = "CDForecastInfo+CoreDataProperties.swift"; sourceTree = "<group>"; };
		26E3005123FBF64C003BA38A /* CDWind+CoreDataClass.swift */ = {isa = PBXFileReference; lastKnownFileType = sourcecode.swift; path = "CDWind+CoreDataClass.swift"; sourceTree = "<group>"; };
		26E3005223FBF64C003BA38A /* CDWind+CoreDataProperties.swift */ = {isa = PBXFileReference; lastKnownFileType = sourcecode.swift; path = "CDWind+CoreDataProperties.swift"; sourceTree = "<group>"; };
		26E3005323FBF64C003BA38A /* CDForecast+CoreDataClass.swift */ = {isa = PBXFileReference; lastKnownFileType = sourcecode.swift; path = "CDForecast+CoreDataClass.swift"; sourceTree = "<group>"; };
		26E3005423FBF64C003BA38A /* CDForecast+CoreDataProperties.swift */ = {isa = PBXFileReference; lastKnownFileType = sourcecode.swift; path = "CDForecast+CoreDataProperties.swift"; sourceTree = "<group>"; };
		26E3005523FBF64C003BA38A /* CDCity+CoreDataClass.swift */ = {isa = PBXFileReference; lastKnownFileType = sourcecode.swift; path = "CDCity+CoreDataClass.swift"; sourceTree = "<group>"; };
		26E3005623FBF64C003BA38A /* CDCity+CoreDataProperties.swift */ = {isa = PBXFileReference; lastKnownFileType = sourcecode.swift; path = "CDCity+CoreDataProperties.swift"; sourceTree = "<group>"; };
		26E3005723FBF64C003BA38A /* CDCoordinates+CoreDataClass.swift */ = {isa = PBXFileReference; lastKnownFileType = sourcecode.swift; path = "CDCoordinates+CoreDataClass.swift"; sourceTree = "<group>"; };
		26E3005823FBF64C003BA38A /* CDCoordinates+CoreDataProperties.swift */ = {isa = PBXFileReference; lastKnownFileType = sourcecode.swift; path = "CDCoordinates+CoreDataProperties.swift"; sourceTree = "<group>"; };
		26E3005923FBF64C003BA38A /* CDWeatherLocation+CoreDataClass.swift */ = {isa = PBXFileReference; lastKnownFileType = sourcecode.swift; path = "CDWeatherLocation+CoreDataClass.swift"; sourceTree = "<group>"; };
		26E3005A23FBF64C003BA38A /* CDWeatherLocation+CoreDataProperties.swift */ = {isa = PBXFileReference; lastKnownFileType = sourcecode.swift; path = "CDWeatherLocation+CoreDataProperties.swift"; sourceTree = "<group>"; };
		26E3005B23FBF64C003BA38A /* CDWeatherMainInfo+CoreDataClass.swift */ = {isa = PBXFileReference; lastKnownFileType = sourcecode.swift; path = "CDWeatherMainInfo+CoreDataClass.swift"; sourceTree = "<group>"; };
		26E3005C23FBF64C003BA38A /* CDWeatherMainInfo+CoreDataProperties.swift */ = {isa = PBXFileReference; lastKnownFileType = sourcecode.swift; path = "CDWeatherMainInfo+CoreDataProperties.swift"; sourceTree = "<group>"; };
		26E3005D23FBF64C003BA38A /* CDWeatherInfo+CoreDataClass.swift */ = {isa = PBXFileReference; lastKnownFileType = sourcecode.swift; path = "CDWeatherInfo+CoreDataClass.swift"; sourceTree = "<group>"; };
		26E3005E23FBF64C003BA38A /* CDWeatherInfo+CoreDataProperties.swift */ = {isa = PBXFileReference; lastKnownFileType = sourcecode.swift; path = "CDWeatherInfo+CoreDataProperties.swift"; sourceTree = "<group>"; };
		26E3005F23FBF64C003BA38A /* CDWeather+CoreDataClass.swift */ = {isa = PBXFileReference; lastKnownFileType = sourcecode.swift; path = "CDWeather+CoreDataClass.swift"; sourceTree = "<group>"; };
		26E3006023FBF64C003BA38A /* CDWeather+CoreDataProperties.swift */ = {isa = PBXFileReference; lastKnownFileType = sourcecode.swift; path = "CDWeather+CoreDataProperties.swift"; sourceTree = "<group>"; };
		26E3006123FBF64C003BA38A /* CDClouds+CoreDataClass.swift */ = {isa = PBXFileReference; lastKnownFileType = sourcecode.swift; path = "CDClouds+CoreDataClass.swift"; sourceTree = "<group>"; };
		26E3006223FBF64C003BA38A /* CDClouds+CoreDataProperties.swift */ = {isa = PBXFileReference; lastKnownFileType = sourcecode.swift; path = "CDClouds+CoreDataProperties.swift"; sourceTree = "<group>"; };
		26F94BAB23E9663E0053281B /* NetworkService.swift */ = {isa = PBXFileReference; lastKnownFileType = sourcecode.swift; path = NetworkService.swift; sourceTree = "<group>"; };
		26F94BAF23E96F630053281B /* HTTPMethod.swift */ = {isa = PBXFileReference; lastKnownFileType = sourcecode.swift; path = HTTPMethod.swift; sourceTree = "<group>"; };
		26F94BB223E9708B0053281B /* HTTPTask.swift */ = {isa = PBXFileReference; lastKnownFileType = sourcecode.swift; path = HTTPTask.swift; sourceTree = "<group>"; };
		26F94BB523E973570053281B /* ParameterEncoder.swift */ = {isa = PBXFileReference; lastKnownFileType = sourcecode.swift; path = ParameterEncoder.swift; sourceTree = "<group>"; };
		26F94BB723E974650053281B /* EndPointType.swift */ = {isa = PBXFileReference; lastKnownFileType = sourcecode.swift; path = EndPointType.swift; sourceTree = "<group>"; };
		26F94BB923E974E60053281B /* URLParameterEncoder.swift */ = {isa = PBXFileReference; lastKnownFileType = sourcecode.swift; path = URLParameterEncoder.swift; sourceTree = "<group>"; };
		26F94BBB23E9755B0053281B /* NetworkError.swift */ = {isa = PBXFileReference; lastKnownFileType = sourcecode.swift; path = NetworkError.swift; sourceTree = "<group>"; };
		26F94BBE23E97B0C0053281B /* APIConstants.swift */ = {isa = PBXFileReference; lastKnownFileType = sourcecode.swift; path = APIConstants.swift; sourceTree = "<group>"; };
		26F94BC423E989190053281B /* JSONParameterEncoder.swift */ = {isa = PBXFileReference; lastKnownFileType = sourcecode.swift; path = JSONParameterEncoder.swift; sourceTree = "<group>"; };
		26F94BC723E995600053281B /* WeatherEndpoint.swift */ = {isa = PBXFileReference; lastKnownFileType = sourcecode.swift; path = WeatherEndpoint.swift; sourceTree = "<group>"; };
		26F94BCD23EAD6090053281B /* WeatherInfoCell.swift */ = {isa = PBXFileReference; lastKnownFileType = sourcecode.swift; path = WeatherInfoCell.swift; sourceTree = "<group>"; };
		38D24CFE7F26901717C9A04E /* Pods-WeatherApp.release.xcconfig */ = {isa = PBXFileReference; includeInIndex = 1; lastKnownFileType = text.xcconfig; name = "Pods-WeatherApp.release.xcconfig"; path = "Target Support Files/Pods-WeatherApp/Pods-WeatherApp.release.xcconfig"; sourceTree = "<group>"; };
		4C44D7F4F70174084CEFC371 /* Pods-WeatherApp.debug.xcconfig */ = {isa = PBXFileReference; includeInIndex = 1; lastKnownFileType = text.xcconfig; name = "Pods-WeatherApp.debug.xcconfig"; path = "Target Support Files/Pods-WeatherApp/Pods-WeatherApp.debug.xcconfig"; sourceTree = "<group>"; };
		780F381CFD70E1FD63C28432 /* Pods_WeatherApp.framework */ = {isa = PBXFileReference; explicitFileType = wrapper.framework; includeInIndex = 0; path = Pods_WeatherApp.framework; sourceTree = BUILT_PRODUCTS_DIR; };
/* End PBXFileReference section */

/* Begin PBXFrameworksBuildPhase section */
		267237F723E86D7500C0457B /* Frameworks */ = {
			isa = PBXFrameworksBuildPhase;
			buildActionMask = 2147483647;
			files = (
				D5B19BAC74D52F46A99A2E29 /* Pods_WeatherApp.framework in Frameworks */,
			);
			runOnlyForDeploymentPostprocessing = 0;
		};
/* End PBXFrameworksBuildPhase section */

/* Begin PBXGroup section */
		264895DD23ED94B0008D2AB5 /* WeatherListPresenter */ = {
			isa = PBXGroup;
			children = (
				264895DB23ED9497008D2AB5 /* WeatherListPresenter.swift */,
			);
			path = WeatherListPresenter;
			sourceTree = "<group>";
		};
		264895DE23ED94FB008D2AB5 /* CityShared */ = {
			isa = PBXGroup;
			children = (
				264895E223ED952F008D2AB5 /* Data */,
				264895E123ED951E008D2AB5 /* Domain */,
			);
			path = CityShared;
			sourceTree = "<group>";
		};
		264895E123ED951E008D2AB5 /* Domain */ = {
			isa = PBXGroup;
			children = (
				264895DF23ED951A008D2AB5 /* WeatherUseCase.swift */,
				264895E723ED9C6A008D2AB5 /* WeatherUseCaseProtocol.swift */,
			);
			path = Domain;
			sourceTree = "<group>";
		};
		264895E223ED952F008D2AB5 /* Data */ = {
			isa = PBXGroup;
			children = (
				264895E323ED9569008D2AB5 /* WeatherDataRepository.swift */,
				264895E523ED95F0008D2AB5 /* WeatherDataRepositoryProtocol.swift */,
			);
			path = Data;
			sourceTree = "<group>";
		};
		265B345323EC518600B00852 /* WeatherListViewController */ = {
			isa = PBXGroup;
			children = (
				2672380123E86D7500C0457B /* WeatherListViewController.swift */,
				265B345123EC4FB100B00852 /* WeatherListViewController+UITableView.swift */,
			);
			path = WeatherListViewController;
			sourceTree = "<group>";
		};
		265B345523EC551500B00852 /* Navigation */ = {
			isa = PBXGroup;
			children = (
				265B345623EC553000B00852 /* NavigationService.swift */,
			);
			path = Navigation;
			sourceTree = "<group>";
		};
		265B345923ED5C1B00B00852 /* ViewModels */ = {
			isa = PBXGroup;
			children = (
				265B345A23ED5C3D00B00852 /* WeatherViewModel.swift */,
			);
			path = ViewModels;
			sourceTree = "<group>";
		};
		266754D223EB03B700BB67A9 /* WeatherList */ = {
			isa = PBXGroup;
			children = (
				266754D623EB04DA00BB67A9 /* Data */,
				266754D323EB03D600BB67A9 /* UserInterface */,
			);
			path = WeatherList;
			sourceTree = "<group>";
		};
		266754D323EB03D600BB67A9 /* UserInterface */ = {
			isa = PBXGroup;
			children = (
				264895DD23ED94B0008D2AB5 /* WeatherListPresenter */,
				265B345923ED5C1B00B00852 /* ViewModels */,
				265B345323EC518600B00852 /* WeatherListViewController */,
				266754D423EB041100BB67A9 /* WeatherInfoCell */,
			);
			path = UserInterface;
			sourceTree = "<group>";
		};
		266754D423EB041100BB67A9 /* WeatherInfoCell */ = {
			isa = PBXGroup;
			children = (
				26F94BCD23EAD6090053281B /* WeatherInfoCell.swift */,
				26AC01D623F1851200926D50 /* WeatherInfoCell+Design.swift */,
			);
			path = WeatherInfoCell;
			sourceTree = "<group>";
		};
		266754D623EB04DA00BB67A9 /* Data */ = {
			isa = PBXGroup;
			children = (
				26AC01DB23F2B98F00926D50 /* CityDataSource */,
				2672381123E8701300C0457B /* Models */,
				26F94BB123E970580053281B /* Network */,
			);
			path = Data;
			sourceTree = "<group>";
		};
		266754D723EB052500BB67A9 /* App */ = {
			isa = PBXGroup;
			children = (
				26E3004823FAE0DF003BA38A /* Data */,
				26AC020A23F483FD00926D50 /* Extensions */,
				266754D823EB055100BB67A9 /* API */,
				265B345523EC551500B00852 /* Navigation */,
				26E3004423F6A2F8003BA38A /* DependencyContainer.swift */,
				26E3004623F6AE21003BA38A /* AppTexts.swift */,
			);
			path = App;
			sourceTree = "<group>";
		};
		266754D823EB055100BB67A9 /* API */ = {
			isa = PBXGroup;
			children = (
				26F94BC623E995510053281B /* EndPoints */,
				26F94BBE23E97B0C0053281B /* APIConstants.swift */,
			);
			path = API;
			sourceTree = "<group>";
		};
		266754D923EB058F00BB67A9 /* Core */ = {
			isa = PBXGroup;
			children = (
				266754DA23EB059600BB67A9 /* API */,
			);
			path = Core;
			sourceTree = "<group>";
		};
		266754DA23EB059600BB67A9 /* API */ = {
			isa = PBXGroup;
			children = (
				26F94BC123E97ECB0053281B /* Service */,
				26F94BB423E973450053281B /* Encoding */,
			);
			path = API;
			sourceTree = "<group>";
		};
		267237F123E86D7500C0457B = {
			isa = PBXGroup;
			children = (
				267237FC23E86D7500C0457B /* WeatherApp */,
				267237FB23E86D7500C0457B /* Products */,
				F697BEB78D99433E93EE2ADB /* Pods */,
				F8AE9199353B9C15D90F794F /* Frameworks */,
			);
			sourceTree = "<group>";
		};
		267237FB23E86D7500C0457B /* Products */ = {
			isa = PBXGroup;
			children = (
				267237FA23E86D7500C0457B /* WeatherApp.app */,
			);
			name = Products;
			sourceTree = "<group>";
		};
		267237FC23E86D7500C0457B /* WeatherApp */ = {
			isa = PBXGroup;
			children = (
				266754D923EB058F00BB67A9 /* Core */,
				266754D723EB052500BB67A9 /* App */,
				26F94BCF23EB03380053281B /* Features */,
				26F94BAD23E96C820053281B /* Supporting Files */,
				2672380B23E86D7600C0457B /* Info.plist */,
			);
			path = WeatherApp;
			sourceTree = "<group>";
		};
		2672381123E8701300C0457B /* Models */ = {
			isa = PBXGroup;
			children = (
				2672381223E8707800C0457B /* City.swift */,
				2672381623E8707800C0457B /* Clouds.swift */,
				2672381723E8707800C0457B /* Coordinates.swift */,
				2672381423E8707800C0457B /* WeatherLocation.swift */,
				2672381523E8707800C0457B /* Weather.swift */,
				265B344F23EC392F00B00852 /* MultiCitiesWeather.swift */,
				2672381923E8707800C0457B /* WeatherInfo.swift */,
				2672381323E8707800C0457B /* WeatherMainInfo.swift */,
				2672381823E8707800C0457B /* Wind.swift */,
			);
			path = Models;
			sourceTree = "<group>";
		};
		26AC01DB23F2B98F00926D50 /* CityDataSource */ = {
			isa = PBXGroup;
			children = (
				26AC01D923F2B75100926D50 /* CityData.json */,
				26AC01DC23F2B9DB00926D50 /* CityService.swift */,
				26AC01DE23F2BA0500926D50 /* CityServiceProtocol.swift */,
			);
			path = CityDataSource;
			sourceTree = "<group>";
		};
		26AC01E023F2DB7E00926D50 /* WeatherDetails */ = {
			isa = PBXGroup;
			children = (
				26AC01E123F2DBAD00926D50 /* Data */,
				26AC01E223F2DBB400926D50 /* UserInterface */,
			);
			path = WeatherDetails;
			sourceTree = "<group>";
		};
		26AC01E123F2DBAD00926D50 /* Data */ = {
			isa = PBXGroup;
			children = (
				26AC020223F47E6800926D50 /* Network */,
				26AC01E623F2F57D00926D50 /* Models */,
			);
			path = Data;
			sourceTree = "<group>";
		};
		26AC01E223F2DBB400926D50 /* UserInterface */ = {
			isa = PBXGroup;
			children = (
				26AC020D23F4850500926D50 /* WeatherDetailsPresenter */,
				26AC020723F481A600926D50 /* ViewModels */,
				26AC01F923F4495700926D50 /* Views */,
				26AC01EE23F3F6CE00926D50 /* WeatherDetailsCell */,
				26AC01E723F2F5D400926D50 /* WeatherDetailsViewController */,
			);
			path = UserInterface;
			sourceTree = "<group>";
		};
		26AC01E623F2F57D00926D50 /* Models */ = {
			isa = PBXGroup;
			children = (
				26AC01FE23F47D7100926D50 /* ForecastInfo.swift */,
				26AC020023F47E2500926D50 /* Forecast.swift */,
			);
			path = Models;
			sourceTree = "<group>";
		};
		26AC01E723F2F5D400926D50 /* WeatherDetailsViewController */ = {
			isa = PBXGroup;
			children = (
				26AC01E823F2F63200926D50 /* WeatherDetailsViewController.swift */,
				26AC01EA23F2FF6900926D50 /* WeatherDetailsViewController+Design.swift */,
				26AC01EC23F2FF7900926D50 /* WeatherDetailsViewController+Extensions.swift */,
			);
			path = WeatherDetailsViewController;
			sourceTree = "<group>";
		};
		26AC01EE23F3F6CE00926D50 /* WeatherDetailsCell */ = {
			isa = PBXGroup;
			children = (
				26AC01EF23F3F6E600926D50 /* WeatherDetailsCell.swift */,
				26AC01F723F43E1800926D50 /* WeatherDetailsCell+Design.swift */,
			);
			path = WeatherDetailsCell;
			sourceTree = "<group>";
		};
		26AC01F923F4495700926D50 /* Views */ = {
			isa = PBXGroup;
			children = (
				26AC01FA23F4496E00926D50 /* ForecastView.swift */,
				26AC01FC23F4499500926D50 /* ForecastView+Design.swift */,
			);
			path = Views;
			sourceTree = "<group>";
		};
		26AC020223F47E6800926D50 /* Network */ = {
			isa = PBXGroup;
			children = (
				26AC020323F47E7E00926D50 /* ForecastNetworkService.swift */,
			);
			path = Network;
			sourceTree = "<group>";
		};
		26AC020723F481A600926D50 /* ViewModels */ = {
			isa = PBXGroup;
			children = (
				26AC020823F481B500926D50 /* ForecastViewModel.swift */,
			);
			path = ViewModels;
			sourceTree = "<group>";
		};
		26AC020A23F483FD00926D50 /* Extensions */ = {
			isa = PBXGroup;
			children = (
				26AC020B23F4840E00926D50 /* Date+Extensions.swift */,
				26E3004223F53957003BA38A /* Array+Extensions.swift */,
			);
			path = Extensions;
			sourceTree = "<group>";
		};
		26AC020D23F4850500926D50 /* WeatherDetailsPresenter */ = {
			isa = PBXGroup;
			children = (
				26AC020E23F4851C00926D50 /* WeatherDetailsPresenter.swift */,
			);
			path = WeatherDetailsPresenter;
			sourceTree = "<group>";
		};
		26E3004823FAE0DF003BA38A /* Data */ = {
			isa = PBXGroup;
			children = (
				26E3004E23FBF37D003BA38A /* ManagedModels */,
				26E3004923FAE23D003BA38A /* Model.xcdatamodeld */,
			);
			path = Data;
			sourceTree = "<group>";
		};
		26E3004E23FBF37D003BA38A /* ManagedModels */ = {
			isa = PBXGroup;
			children = (
				26E3004F23FBF64C003BA38A /* CDForecastInfo+CoreDataClass.swift */,
				26E3005023FBF64C003BA38A /* CDForecastInfo+CoreDataProperties.swift */,
				26E3005123FBF64C003BA38A /* CDWind+CoreDataClass.swift */,
				26E3005223FBF64C003BA38A /* CDWind+CoreDataProperties.swift */,
				26E3005323FBF64C003BA38A /* CDForecast+CoreDataClass.swift */,
				26E3005423FBF64C003BA38A /* CDForecast+CoreDataProperties.swift */,
				26E3005523FBF64C003BA38A /* CDCity+CoreDataClass.swift */,
				26E3005623FBF64C003BA38A /* CDCity+CoreDataProperties.swift */,
				26E3005723FBF64C003BA38A /* CDCoordinates+CoreDataClass.swift */,
				26E3005823FBF64C003BA38A /* CDCoordinates+CoreDataProperties.swift */,
				26E3005923FBF64C003BA38A /* CDWeatherLocation+CoreDataClass.swift */,
				26E3005A23FBF64C003BA38A /* CDWeatherLocation+CoreDataProperties.swift */,
				26E3005B23FBF64C003BA38A /* CDWeatherMainInfo+CoreDataClass.swift */,
				26E3005C23FBF64C003BA38A /* CDWeatherMainInfo+CoreDataProperties.swift */,
				26E3005D23FBF64C003BA38A /* CDWeatherInfo+CoreDataClass.swift */,
				26E3005E23FBF64C003BA38A /* CDWeatherInfo+CoreDataProperties.swift */,
				26E3005F23FBF64C003BA38A /* CDWeather+CoreDataClass.swift */,
				26E3006023FBF64C003BA38A /* CDWeather+CoreDataProperties.swift */,
				26E3006123FBF64C003BA38A /* CDClouds+CoreDataClass.swift */,
				26E3006223FBF64C003BA38A /* CDClouds+CoreDataProperties.swift */,
			);
			path = ManagedModels;
			sourceTree = "<group>";
		};
		26F94BAD23E96C820053281B /* Supporting Files */ = {
			isa = PBXGroup;
			children = (
				267237FD23E86D7500C0457B /* AppDelegate.swift */,
				267237FF23E86D7500C0457B /* SceneDelegate.swift */,
				2672380623E86D7600C0457B /* Assets.xcassets */,
				2672380823E86D7600C0457B /* LaunchScreen.storyboard */,
			);
			path = "Supporting Files";
			sourceTree = "<group>";
		};
		26F94BB123E970580053281B /* Network */ = {
			isa = PBXGroup;
			children = (
				266754DB23EB06B900BB67A9 /* CurrentWeatherNetworkService.swift */,
			);
			path = Network;
			sourceTree = "<group>";
		};
		26F94BB423E973450053281B /* Encoding */ = {
			isa = PBXGroup;
			children = (
				26F94BB523E973570053281B /* ParameterEncoder.swift */,
				26F94BB923E974E60053281B /* URLParameterEncoder.swift */,
				26F94BBB23E9755B0053281B /* NetworkError.swift */,
				26F94BC423E989190053281B /* JSONParameterEncoder.swift */,
			);
			path = Encoding;
			sourceTree = "<group>";
		};
		26F94BC123E97ECB0053281B /* Service */ = {
			isa = PBXGroup;
			children = (
				26F94BAB23E9663E0053281B /* NetworkService.swift */,
				26F94BB723E974650053281B /* EndPointType.swift */,
				26F94BAF23E96F630053281B /* HTTPMethod.swift */,
				26F94BB223E9708B0053281B /* HTTPTask.swift */,
			);
			path = Service;
			sourceTree = "<group>";
		};
		26F94BC623E995510053281B /* EndPoints */ = {
			isa = PBXGroup;
			children = (
				26F94BC723E995600053281B /* WeatherEndpoint.swift */,
				26AC020523F47FD300926D50 /* ForecastEndpoint.swift */,
			);
			path = EndPoints;
			sourceTree = "<group>";
		};
		26F94BCF23EB03380053281B /* Features */ = {
			isa = PBXGroup;
			children = (
				264895DE23ED94FB008D2AB5 /* CityShared */,
				266754D223EB03B700BB67A9 /* WeatherList */,
				26AC01E023F2DB7E00926D50 /* WeatherDetails */,
			);
			path = Features;
			sourceTree = "<group>";
		};
		F697BEB78D99433E93EE2ADB /* Pods */ = {
			isa = PBXGroup;
			children = (
				4C44D7F4F70174084CEFC371 /* Pods-WeatherApp.debug.xcconfig */,
				38D24CFE7F26901717C9A04E /* Pods-WeatherApp.release.xcconfig */,
			);
			path = Pods;
			sourceTree = "<group>";
		};
		F8AE9199353B9C15D90F794F /* Frameworks */ = {
			isa = PBXGroup;
			children = (
				780F381CFD70E1FD63C28432 /* Pods_WeatherApp.framework */,
			);
			name = Frameworks;
			sourceTree = "<group>";
		};
/* End PBXGroup section */

/* Begin PBXNativeTarget section */
		267237F923E86D7500C0457B /* WeatherApp */ = {
			isa = PBXNativeTarget;
			buildConfigurationList = 2672380E23E86D7600C0457B /* Build configuration list for PBXNativeTarget "WeatherApp" */;
			buildPhases = (
				46BF4FEFF249EEB3A6C19112 /* [CP] Check Pods Manifest.lock */,
				267237F623E86D7500C0457B /* Sources */,
				267237F723E86D7500C0457B /* Frameworks */,
				267237F823E86D7500C0457B /* Resources */,
				61CF7FB0851F7F059F80F504 /* [CP] Embed Pods Frameworks */,
			);
			buildRules = (
			);
			dependencies = (
			);
			name = WeatherApp;
			productName = WeatherApp;
			productReference = 267237FA23E86D7500C0457B /* WeatherApp.app */;
			productType = "com.apple.product-type.application";
		};
/* End PBXNativeTarget section */

/* Begin PBXProject section */
		267237F223E86D7500C0457B /* Project object */ = {
			isa = PBXProject;
			attributes = {
				LastSwiftUpdateCheck = 1130;
				LastUpgradeCheck = 1130;
				ORGANIZATIONNAME = "Sven Svetina";
				TargetAttributes = {
					267237F923E86D7500C0457B = {
						CreatedOnToolsVersion = 11.3;
					};
				};
			};
			buildConfigurationList = 267237F523E86D7500C0457B /* Build configuration list for PBXProject "WeatherApp" */;
			compatibilityVersion = "Xcode 9.3";
			developmentRegion = en;
			hasScannedForEncodings = 0;
			knownRegions = (
				en,
				Base,
			);
			mainGroup = 267237F123E86D7500C0457B;
			productRefGroup = 267237FB23E86D7500C0457B /* Products */;
			projectDirPath = "";
			projectRoot = "";
			targets = (
				267237F923E86D7500C0457B /* WeatherApp */,
			);
		};
/* End PBXProject section */

/* Begin PBXResourcesBuildPhase section */
		267237F823E86D7500C0457B /* Resources */ = {
			isa = PBXResourcesBuildPhase;
			buildActionMask = 2147483647;
			files = (
				2672380A23E86D7600C0457B /* LaunchScreen.storyboard in Resources */,
				26AC01DA23F2B75100926D50 /* CityData.json in Resources */,
				2672380723E86D7600C0457B /* Assets.xcassets in Resources */,
			);
			runOnlyForDeploymentPostprocessing = 0;
		};
/* End PBXResourcesBuildPhase section */

/* Begin PBXShellScriptBuildPhase section */
		46BF4FEFF249EEB3A6C19112 /* [CP] Check Pods Manifest.lock */ = {
			isa = PBXShellScriptBuildPhase;
			buildActionMask = 2147483647;
			files = (
			);
			inputFileListPaths = (
			);
			inputPaths = (
				"${PODS_PODFILE_DIR_PATH}/Podfile.lock",
				"${PODS_ROOT}/Manifest.lock",
			);
			name = "[CP] Check Pods Manifest.lock";
			outputFileListPaths = (
			);
			outputPaths = (
				"$(DERIVED_FILE_DIR)/Pods-WeatherApp-checkManifestLockResult.txt",
			);
			runOnlyForDeploymentPostprocessing = 0;
			shellPath = /bin/sh;
			shellScript = "diff \"${PODS_PODFILE_DIR_PATH}/Podfile.lock\" \"${PODS_ROOT}/Manifest.lock\" > /dev/null\nif [ $? != 0 ] ; then\n    # print error to STDERR\n    echo \"error: The sandbox is not in sync with the Podfile.lock. Run 'pod install' or update your CocoaPods installation.\" >&2\n    exit 1\nfi\n# This output is used by Xcode 'outputs' to avoid re-running this script phase.\necho \"SUCCESS\" > \"${SCRIPT_OUTPUT_FILE_0}\"\n";
			showEnvVarsInLog = 0;
		};
		61CF7FB0851F7F059F80F504 /* [CP] Embed Pods Frameworks */ = {
			isa = PBXShellScriptBuildPhase;
			buildActionMask = 2147483647;
			files = (
			);
			inputFileListPaths = (
				"${PODS_ROOT}/Target Support Files/Pods-WeatherApp/Pods-WeatherApp-frameworks-${CONFIGURATION}-input-files.xcfilelist",
			);
			name = "[CP] Embed Pods Frameworks";
			outputFileListPaths = (
				"${PODS_ROOT}/Target Support Files/Pods-WeatherApp/Pods-WeatherApp-frameworks-${CONFIGURATION}-output-files.xcfilelist",
			);
			runOnlyForDeploymentPostprocessing = 0;
			shellPath = /bin/sh;
			shellScript = "\"${PODS_ROOT}/Target Support Files/Pods-WeatherApp/Pods-WeatherApp-frameworks.sh\"\n";
			showEnvVarsInLog = 0;
		};
/* End PBXShellScriptBuildPhase section */

/* Begin PBXSourcesBuildPhase section */
		267237F623E86D7500C0457B /* Sources */ = {
			isa = PBXSourcesBuildPhase;
			buildActionMask = 2147483647;
			files = (
				264895E423ED9569008D2AB5 /* WeatherDataRepository.swift in Sources */,
				26F94BC523E989190053281B /* JSONParameterEncoder.swift in Sources */,
				26AC01EB23F2FF6900926D50 /* WeatherDetailsViewController+Design.swift in Sources */,
				26E3007623FBF64C003BA38A /* CDClouds+CoreDataProperties.swift in Sources */,
				264895E823ED9C6A008D2AB5 /* WeatherUseCaseProtocol.swift in Sources */,
				26E3006323FBF64C003BA38A /* CDForecastInfo+CoreDataClass.swift in Sources */,
				26F94BB823E974650053281B /* EndPointType.swift in Sources */,
				26F94BBF23E97B0C0053281B /* APIConstants.swift in Sources */,
				26F94BB323E9708B0053281B /* HTTPTask.swift in Sources */,
				2672380223E86D7500C0457B /* WeatherListViewController.swift in Sources */,
				26E3006D23FBF64C003BA38A /* CDWeatherLocation+CoreDataClass.swift in Sources */,
				26E3007423FBF64C003BA38A /* CDWeather+CoreDataProperties.swift in Sources */,
				26AC020C23F4840E00926D50 /* Date+Extensions.swift in Sources */,
				2672382023E8707800C0457B /* Wind.swift in Sources */,
				2672381E23E8707800C0457B /* Clouds.swift in Sources */,
				26E3006A23FBF64C003BA38A /* CDCity+CoreDataProperties.swift in Sources */,
				265B345023EC392F00B00852 /* MultiCitiesWeather.swift in Sources */,
				26AC01DD23F2B9DB00926D50 /* CityService.swift in Sources */,
				26E3006F23FBF64C003BA38A /* CDWeatherMainInfo+CoreDataClass.swift in Sources */,
				26E3004523F6A2F9003BA38A /* DependencyContainer.swift in Sources */,
				26AC01D723F1851200926D50 /* WeatherInfoCell+Design.swift in Sources */,
				2672382123E8707800C0457B /* WeatherInfo.swift in Sources */,
				26E3007523FBF64C003BA38A /* CDClouds+CoreDataClass.swift in Sources */,
				264895DC23ED9497008D2AB5 /* WeatherListPresenter.swift in Sources */,
				26AC01FD23F4499500926D50 /* ForecastView+Design.swift in Sources */,
				2672381B23E8707800C0457B /* WeatherMainInfo.swift in Sources */,
				265B345B23ED5C3D00B00852 /* WeatherViewModel.swift in Sources */,
				267237FE23E86D7500C0457B /* AppDelegate.swift in Sources */,
				26E3006423FBF64C003BA38A /* CDForecastInfo+CoreDataProperties.swift in Sources */,
				265B345723EC553000B00852 /* NavigationService.swift in Sources */,
				26AC020123F47E2500926D50 /* Forecast.swift in Sources */,
				26AC01F823F43E1800926D50 /* WeatherDetailsCell+Design.swift in Sources */,
				26AC020623F47FD300926D50 /* ForecastEndpoint.swift in Sources */,
				26E3007123FBF64C003BA38A /* CDWeatherInfo+CoreDataClass.swift in Sources */,
				2672381A23E8707800C0457B /* City.swift in Sources */,
				26E3006C23FBF64C003BA38A /* CDCoordinates+CoreDataProperties.swift in Sources */,
				26E3004723F6AE21003BA38A /* AppTexts.swift in Sources */,
				26E3006623FBF64C003BA38A /* CDWind+CoreDataProperties.swift in Sources */,
				26AC020423F47E7E00926D50 /* ForecastNetworkService.swift in Sources */,
				2672380023E86D7500C0457B /* SceneDelegate.swift in Sources */,
				26F94BCE23EAD6090053281B /* WeatherInfoCell.swift in Sources */,
				26AC020923F481B500926D50 /* ForecastViewModel.swift in Sources */,
				26E3006923FBF64C003BA38A /* CDCity+CoreDataClass.swift in Sources */,
				26E3006823FBF64C003BA38A /* CDForecast+CoreDataProperties.swift in Sources */,
				2672381F23E8707800C0457B /* Coordinates.swift in Sources */,
				2672381C23E8707800C0457B /* WeatherLocation.swift in Sources */,
				26AC01F023F3F6E600926D50 /* WeatherDetailsCell.swift in Sources */,
				26F94BBA23E974E60053281B /* URLParameterEncoder.swift in Sources */,
				264895E623ED95F0008D2AB5 /* WeatherDataRepositoryProtocol.swift in Sources */,
				26E3004323F53957003BA38A /* Array+Extensions.swift in Sources */,
				26E3006523FBF64C003BA38A /* CDWind+CoreDataClass.swift in Sources */,
				26E3007223FBF64C003BA38A /* CDWeatherInfo+CoreDataProperties.swift in Sources */,
				26AC01E923F2F63200926D50 /* WeatherDetailsViewController.swift in Sources */,
				26F94BB023E96F630053281B /* HTTPMethod.swift in Sources */,
				265B345223EC4FB100B00852 /* WeatherListViewController+UITableView.swift in Sources */,
				26F94BB623E973570053281B /* ParameterEncoder.swift in Sources */,
				26AC01FF23F47D7100926D50 /* ForecastInfo.swift in Sources */,
				26AC01FB23F4496E00926D50 /* ForecastView.swift in Sources */,
				26E3004B23FAE23D003BA38A /* Model.xcdatamodeld in Sources */,
				266754DC23EB06B900BB67A9 /* CurrentWeatherNetworkService.swift in Sources */,
				26E3007023FBF64C003BA38A /* CDWeatherMainInfo+CoreDataProperties.swift in Sources */,
				264895E023ED951A008D2AB5 /* WeatherUseCase.swift in Sources */,
				26E3006723FBF64C003BA38A /* CDForecast+CoreDataClass.swift in Sources */,
				26AC01DF23F2BA0500926D50 /* CityServiceProtocol.swift in Sources */,
				26AC020F23F4851C00926D50 /* WeatherDetailsPresenter.swift in Sources */,
				26F94BBC23E9755B0053281B /* NetworkError.swift in Sources */,
				26F94BAC23E9663E0053281B /* NetworkService.swift in Sources */,
				2672381D23E8707800C0457B /* Weather.swift in Sources */,
				26E3007323FBF64C003BA38A /* CDWeather+CoreDataClass.swift in Sources */,
				26E3006E23FBF64C003BA38A /* CDWeatherLocation+CoreDataProperties.swift in Sources */,
				26E3006B23FBF64C003BA38A /* CDCoordinates+CoreDataClass.swift in Sources */,
				26F94BC823E995600053281B /* WeatherEndpoint.swift in Sources */,
				26AC01ED23F2FF7900926D50 /* WeatherDetailsViewController+Extensions.swift in Sources */,
			);
			runOnlyForDeploymentPostprocessing = 0;
		};
/* End PBXSourcesBuildPhase section */

/* Begin PBXVariantGroup section */
		2672380823E86D7600C0457B /* LaunchScreen.storyboard */ = {
			isa = PBXVariantGroup;
			children = (
				2672380923E86D7600C0457B /* Base */,
			);
			name = LaunchScreen.storyboard;
			sourceTree = "<group>";
		};
/* End PBXVariantGroup section */

/* Begin XCBuildConfiguration section */
		2672380C23E86D7600C0457B /* Debug */ = {
			isa = XCBuildConfiguration;
			buildSettings = {
				ALWAYS_SEARCH_USER_PATHS = NO;
				CLANG_ANALYZER_NONNULL = YES;
				CLANG_ANALYZER_NUMBER_OBJECT_CONVERSION = YES_AGGRESSIVE;
				CLANG_CXX_LANGUAGE_STANDARD = "gnu++14";
				CLANG_CXX_LIBRARY = "libc++";
				CLANG_ENABLE_MODULES = YES;
				CLANG_ENABLE_OBJC_ARC = YES;
				CLANG_ENABLE_OBJC_WEAK = YES;
				CLANG_WARN_BLOCK_CAPTURE_AUTORELEASING = YES;
				CLANG_WARN_BOOL_CONVERSION = YES;
				CLANG_WARN_COMMA = YES;
				CLANG_WARN_CONSTANT_CONVERSION = YES;
				CLANG_WARN_DEPRECATED_OBJC_IMPLEMENTATIONS = YES;
				CLANG_WARN_DIRECT_OBJC_ISA_USAGE = YES_ERROR;
				CLANG_WARN_DOCUMENTATION_COMMENTS = YES;
				CLANG_WARN_EMPTY_BODY = YES;
				CLANG_WARN_ENUM_CONVERSION = YES;
				CLANG_WARN_INFINITE_RECURSION = YES;
				CLANG_WARN_INT_CONVERSION = YES;
				CLANG_WARN_NON_LITERAL_NULL_CONVERSION = YES;
				CLANG_WARN_OBJC_IMPLICIT_RETAIN_SELF = YES;
				CLANG_WARN_OBJC_LITERAL_CONVERSION = YES;
				CLANG_WARN_OBJC_ROOT_CLASS = YES_ERROR;
				CLANG_WARN_RANGE_LOOP_ANALYSIS = YES;
				CLANG_WARN_STRICT_PROTOTYPES = YES;
				CLANG_WARN_SUSPICIOUS_MOVE = YES;
				CLANG_WARN_UNGUARDED_AVAILABILITY = YES_AGGRESSIVE;
				CLANG_WARN_UNREACHABLE_CODE = YES;
				CLANG_WARN__DUPLICATE_METHOD_MATCH = YES;
				COPY_PHASE_STRIP = NO;
				DEBUG_INFORMATION_FORMAT = dwarf;
				ENABLE_STRICT_OBJC_MSGSEND = YES;
				ENABLE_TESTABILITY = YES;
				GCC_C_LANGUAGE_STANDARD = gnu11;
				GCC_DYNAMIC_NO_PIC = NO;
				GCC_NO_COMMON_BLOCKS = YES;
				GCC_OPTIMIZATION_LEVEL = 0;
				GCC_PREPROCESSOR_DEFINITIONS = (
					"DEBUG=1",
					"$(inherited)",
				);
				GCC_WARN_64_TO_32_BIT_CONVERSION = YES;
				GCC_WARN_ABOUT_RETURN_TYPE = YES_ERROR;
				GCC_WARN_UNDECLARED_SELECTOR = YES;
				GCC_WARN_UNINITIALIZED_AUTOS = YES_AGGRESSIVE;
				GCC_WARN_UNUSED_FUNCTION = YES;
				GCC_WARN_UNUSED_VARIABLE = YES;
				IPHONEOS_DEPLOYMENT_TARGET = 13.2;
				MTL_ENABLE_DEBUG_INFO = INCLUDE_SOURCE;
				MTL_FAST_MATH = YES;
				ONLY_ACTIVE_ARCH = YES;
				SDKROOT = iphoneos;
				SWIFT_ACTIVE_COMPILATION_CONDITIONS = DEBUG;
				SWIFT_OPTIMIZATION_LEVEL = "-Onone";
			};
			name = Debug;
		};
		2672380D23E86D7600C0457B /* Release */ = {
			isa = XCBuildConfiguration;
			buildSettings = {
				ALWAYS_SEARCH_USER_PATHS = NO;
				CLANG_ANALYZER_NONNULL = YES;
				CLANG_ANALYZER_NUMBER_OBJECT_CONVERSION = YES_AGGRESSIVE;
				CLANG_CXX_LANGUAGE_STANDARD = "gnu++14";
				CLANG_CXX_LIBRARY = "libc++";
				CLANG_ENABLE_MODULES = YES;
				CLANG_ENABLE_OBJC_ARC = YES;
				CLANG_ENABLE_OBJC_WEAK = YES;
				CLANG_WARN_BLOCK_CAPTURE_AUTORELEASING = YES;
				CLANG_WARN_BOOL_CONVERSION = YES;
				CLANG_WARN_COMMA = YES;
				CLANG_WARN_CONSTANT_CONVERSION = YES;
				CLANG_WARN_DEPRECATED_OBJC_IMPLEMENTATIONS = YES;
				CLANG_WARN_DIRECT_OBJC_ISA_USAGE = YES_ERROR;
				CLANG_WARN_DOCUMENTATION_COMMENTS = YES;
				CLANG_WARN_EMPTY_BODY = YES;
				CLANG_WARN_ENUM_CONVERSION = YES;
				CLANG_WARN_INFINITE_RECURSION = YES;
				CLANG_WARN_INT_CONVERSION = YES;
				CLANG_WARN_NON_LITERAL_NULL_CONVERSION = YES;
				CLANG_WARN_OBJC_IMPLICIT_RETAIN_SELF = YES;
				CLANG_WARN_OBJC_LITERAL_CONVERSION = YES;
				CLANG_WARN_OBJC_ROOT_CLASS = YES_ERROR;
				CLANG_WARN_RANGE_LOOP_ANALYSIS = YES;
				CLANG_WARN_STRICT_PROTOTYPES = YES;
				CLANG_WARN_SUSPICIOUS_MOVE = YES;
				CLANG_WARN_UNGUARDED_AVAILABILITY = YES_AGGRESSIVE;
				CLANG_WARN_UNREACHABLE_CODE = YES;
				CLANG_WARN__DUPLICATE_METHOD_MATCH = YES;
				COPY_PHASE_STRIP = NO;
				DEBUG_INFORMATION_FORMAT = "dwarf-with-dsym";
				ENABLE_NS_ASSERTIONS = NO;
				ENABLE_STRICT_OBJC_MSGSEND = YES;
				GCC_C_LANGUAGE_STANDARD = gnu11;
				GCC_NO_COMMON_BLOCKS = YES;
				GCC_WARN_64_TO_32_BIT_CONVERSION = YES;
				GCC_WARN_ABOUT_RETURN_TYPE = YES_ERROR;
				GCC_WARN_UNDECLARED_SELECTOR = YES;
				GCC_WARN_UNINITIALIZED_AUTOS = YES_AGGRESSIVE;
				GCC_WARN_UNUSED_FUNCTION = YES;
				GCC_WARN_UNUSED_VARIABLE = YES;
				IPHONEOS_DEPLOYMENT_TARGET = 13.2;
				MTL_ENABLE_DEBUG_INFO = NO;
				MTL_FAST_MATH = YES;
				SDKROOT = iphoneos;
				SWIFT_COMPILATION_MODE = wholemodule;
				SWIFT_OPTIMIZATION_LEVEL = "-O";
				VALIDATE_PRODUCT = YES;
			};
			name = Release;
		};
		2672380F23E86D7600C0457B /* Debug */ = {
			isa = XCBuildConfiguration;
			baseConfigurationReference = 4C44D7F4F70174084CEFC371 /* Pods-WeatherApp.debug.xcconfig */;
			buildSettings = {
				ASSETCATALOG_COMPILER_APPICON_NAME = AppIcon;
				CODE_SIGN_STYLE = Automatic;
				DEVELOPMENT_TEAM = 37NP6KPC8R;
				INFOPLIST_FILE = WeatherApp/Info.plist;
				LD_RUNPATH_SEARCH_PATHS = (
					"$(inherited)",
					"@executable_path/Frameworks",
				);
				PRODUCT_BUNDLE_IDENTIFIER = sven.WeatherApp;
				PRODUCT_NAME = "$(TARGET_NAME)";
				SWIFT_VERSION = 5.0;
				TARGETED_DEVICE_FAMILY = "1,2";
			};
			name = Debug;
		};
		2672381023E86D7600C0457B /* Release */ = {
			isa = XCBuildConfiguration;
			baseConfigurationReference = 38D24CFE7F26901717C9A04E /* Pods-WeatherApp.release.xcconfig */;
			buildSettings = {
				ASSETCATALOG_COMPILER_APPICON_NAME = AppIcon;
				CODE_SIGN_STYLE = Automatic;
				DEVELOPMENT_TEAM = 37NP6KPC8R;
				INFOPLIST_FILE = WeatherApp/Info.plist;
				LD_RUNPATH_SEARCH_PATHS = (
					"$(inherited)",
					"@executable_path/Frameworks",
				);
				PRODUCT_BUNDLE_IDENTIFIER = sven.WeatherApp;
				PRODUCT_NAME = "$(TARGET_NAME)";
				SWIFT_VERSION = 5.0;
				TARGETED_DEVICE_FAMILY = "1,2";
			};
			name = Release;
		};
/* End XCBuildConfiguration section */

/* Begin XCConfigurationList section */
		267237F523E86D7500C0457B /* Build configuration list for PBXProject "WeatherApp" */ = {
			isa = XCConfigurationList;
			buildConfigurations = (
				2672380C23E86D7600C0457B /* Debug */,
				2672380D23E86D7600C0457B /* Release */,
			);
			defaultConfigurationIsVisible = 0;
			defaultConfigurationName = Release;
		};
		2672380E23E86D7600C0457B /* Build configuration list for PBXNativeTarget "WeatherApp" */ = {
			isa = XCConfigurationList;
			buildConfigurations = (
				2672380F23E86D7600C0457B /* Debug */,
				2672381023E86D7600C0457B /* Release */,
			);
			defaultConfigurationIsVisible = 0;
			defaultConfigurationName = Release;
		};
/* End XCConfigurationList section */

/* Begin XCVersionGroup section */
		26E3004923FAE23D003BA38A /* Model.xcdatamodeld */ = {
			isa = XCVersionGroup;
			children = (
				26E3004A23FAE23D003BA38A /* Model.xcdatamodel */,
			);
			currentVersion = 26E3004A23FAE23D003BA38A /* Model.xcdatamodel */;
			path = Model.xcdatamodeld;
			sourceTree = "<group>";
			versionGroupType = wrapper.xcdatamodel;
		};
/* End XCVersionGroup section */
	};
	rootObject = 267237F223E86D7500C0457B /* Project object */;
}
